// !$*UTF8*$!
{
	archiveVersion = 1;
	classes = {
	};
	objectVersion = 50;
	objects = {

/* Begin PBXBuildFile section */
		04627E712956CA71008AAD7C /* SplashViewController.swift in Sources */ = {isa = PBXBuildFile; fileRef = 04627E702956CA70008AAD7C /* SplashViewController.swift */; };
		04627E732956CA96008AAD7C /* SplashView.swift in Sources */ = {isa = PBXBuildFile; fileRef = 04627E722956CA95008AAD7C /* SplashView.swift */; };
		04627E752956CABD008AAD7C /* SplashViewModel.swift in Sources */ = {isa = PBXBuildFile; fileRef = 04627E742956CABD008AAD7C /* SplashViewModel.swift */; };
		04627E772956CCE6008AAD7C /* Extension+UIImage.swift in Sources */ = {isa = PBXBuildFile; fileRef = 04627E762956CCE5008AAD7C /* Extension+UIImage.swift */; };
		04627E792956CD9A008AAD7C /* netflixGif.gif in Resources */ = {isa = PBXBuildFile; fileRef = 04627E782956CD99008AAD7C /* netflixGif.gif */; };
		0462F4392944A15A00D013AD /* UIView + Extension.swift in Sources */ = {isa = PBXBuildFile; fileRef = 0462F4382944A15A00D013AD /* UIView + Extension.swift */; };
		04639A58294AECA20086BD9F /* LoginViewController.swift in Sources */ = {isa = PBXBuildFile; fileRef = 04639A57294AECA20086BD9F /* LoginViewController.swift */; };
		04639A5A294AECE80086BD9F /* LoginViewModel.swift in Sources */ = {isa = PBXBuildFile; fileRef = 04639A59294AECE80086BD9F /* LoginViewModel.swift */; };
		04639A5C294AED250086BD9F /* LoginView.swift in Sources */ = {isa = PBXBuildFile; fileRef = 04639A5B294AED250086BD9F /* LoginView.swift */; };
		04639A5E294AF2C50086BD9F /* LoginModel.swift in Sources */ = {isa = PBXBuildFile; fileRef = 04639A5D294AF2C50086BD9F /* LoginModel.swift */; };
		0470942F294C597A00D990E4 /* NetworkAdaptor.swift in Sources */ = {isa = PBXBuildFile; fileRef = 0470942E294C597A00D990E4 /* NetworkAdaptor.swift */; };
		04709432294CA3F600D990E4 /* Urlhandler.swift in Sources */ = {isa = PBXBuildFile; fileRef = 04709431294CA3F600D990E4 /* Urlhandler.swift */; };
		04709434294CA8E600D990E4 /* Controller.swift in Sources */ = {isa = PBXBuildFile; fileRef = 04709433294CA8E600D990E4 /* Controller.swift */; };
		04709439294D007200D990E4 /* ForgotPasswordViewController.swift in Sources */ = {isa = PBXBuildFile; fileRef = 04709438294D007200D990E4 /* ForgotPasswordViewController.swift */; };
		0470943B294D009B00D990E4 /* ForgotPasswordView.swift in Sources */ = {isa = PBXBuildFile; fileRef = 0470943A294D009B00D990E4 /* ForgotPasswordView.swift */; };
		0470943D294D00F500D990E4 /* ForgotPasswordViewModel.swift in Sources */ = {isa = PBXBuildFile; fileRef = 0470943C294D00F500D990E4 /* ForgotPasswordViewModel.swift */; };
		0470943F294D01A700D990E4 /* ResetPasswordView.swift in Sources */ = {isa = PBXBuildFile; fileRef = 0470943E294D01A700D990E4 /* ResetPasswordView.swift */; };
		04709441294D01E300D990E4 /* ResetPasswordViewController.swift in Sources */ = {isa = PBXBuildFile; fileRef = 04709440294D01E300D990E4 /* ResetPasswordViewController.swift */; };
		04709443294D028A00D990E4 /* ResetPasswordViewModel.swift in Sources */ = {isa = PBXBuildFile; fileRef = 04709442294D028A00D990E4 /* ResetPasswordViewModel.swift */; };
		048B1944295564310095FF02 /* ProfileselectionView.swift in Sources */ = {isa = PBXBuildFile; fileRef = 048B1943295564310095FF02 /* ProfileselectionView.swift */; };
		048B19462955647D0095FF02 /* ProfileSelectionViewController.swift in Sources */ = {isa = PBXBuildFile; fileRef = 048B19452955647D0095FF02 /* ProfileSelectionViewController.swift */; };
		048B194A295564FA0095FF02 /* ProfileSelectionViewModel.swift in Sources */ = {isa = PBXBuildFile; fileRef = 048B1949295564F90095FF02 /* ProfileSelectionViewModel.swift */; };
		048B194C29559CEC0095FF02 /* User.swift in Sources */ = {isa = PBXBuildFile; fileRef = 048B194B29559CEC0095FF02 /* User.swift */; };
		048B19502955EC080095FF02 /* ProfilesCollectionViewCell.swift in Sources */ = {isa = PBXBuildFile; fileRef = 048B194E2955EC080095FF02 /* ProfilesCollectionViewCell.swift */; };
		048B19512955EC080095FF02 /* ProfilesCollectionViewCell.xib in Resources */ = {isa = PBXBuildFile; fileRef = 048B194F2955EC080095FF02 /* ProfilesCollectionViewCell.xib */; };
		04C99E8C295097F900FA4FFA /* BaseViewController.swift in Sources */ = {isa = PBXBuildFile; fileRef = 04C99E8B295097F900FA4FFA /* BaseViewController.swift */; };
		04D0F4A8294710A60015D482 /* Onbording.storyboard in Resources */ = {isa = PBXBuildFile; fileRef = 04D0F4A7294710A60015D482 /* Onbording.storyboard */; };
		04D0F4AB29471BC10015D482 /* RegisterViewController.swift in Sources */ = {isa = PBXBuildFile; fileRef = 04D0F4AA29471BC10015D482 /* RegisterViewController.swift */; };
		04D0F4AF29471C100015D482 /* RegisterViewModel.swift in Sources */ = {isa = PBXBuildFile; fileRef = 04D0F4AE29471C100015D482 /* RegisterViewModel.swift */; };
		04D0F4B129471C6A0015D482 /* RegisterView.swift in Sources */ = {isa = PBXBuildFile; fileRef = 04D0F4B029471C6A0015D482 /* RegisterView.swift */; };
		04DA1D2329437F3D002F988A /* AppDelegate.swift in Sources */ = {isa = PBXBuildFile; fileRef = 04DA1D2229437F3D002F988A /* AppDelegate.swift */; };
		04DA1D2529437F3D002F988A /* SceneDelegate.swift in Sources */ = {isa = PBXBuildFile; fileRef = 04DA1D2429437F3D002F988A /* SceneDelegate.swift */; };
		04DA1D2A29437F3D002F988A /* Main.storyboard in Resources */ = {isa = PBXBuildFile; fileRef = 04DA1D2829437F3D002F988A /* Main.storyboard */; };
		04DA1D2C29437F4F002F988A /* Assets.xcassets in Resources */ = {isa = PBXBuildFile; fileRef = 04DA1D2B29437F4F002F988A /* Assets.xcassets */; };
		04DA1D2F29437F4F002F988A /* LaunchScreen.storyboard in Resources */ = {isa = PBXBuildFile; fileRef = 04DA1D2D29437F4F002F988A /* LaunchScreen.storyboard */; };
		04DA1D37294380A9002F988A /* Font.swift in Sources */ = {isa = PBXBuildFile; fileRef = 04DA1D36294380A9002F988A /* Font.swift */; };
		04DA1D39294380D2002F988A /* Images.swift in Sources */ = {isa = PBXBuildFile; fileRef = 04DA1D38294380D2002F988A /* Images.swift */; };
		04DA1D3B294380E3002F988A /* Colors.swift in Sources */ = {isa = PBXBuildFile; fileRef = 04DA1D3A294380E3002F988A /* Colors.swift */; };
		04DA1D3D29438107002F988A /* Strings.swift in Sources */ = {isa = PBXBuildFile; fileRef = 04DA1D3C29438107002F988A /* Strings.swift */; };
		04DA1D3F29438143002F988A /* WelcomeViewController.swift in Sources */ = {isa = PBXBuildFile; fileRef = 04DA1D3E29438143002F988A /* WelcomeViewController.swift */; };
		04DA1D41294381B4002F988A /* WelcomeView.swift in Sources */ = {isa = PBXBuildFile; fileRef = 04DA1D40294381B4002F988A /* WelcomeView.swift */; };
		04DC9B1529518A6B000FEBD3 /* CreateProfileView.swift in Sources */ = {isa = PBXBuildFile; fileRef = 04DC9B1429518A6B000FEBD3 /* CreateProfileView.swift */; };
		04DC9B1729518AA0000FEBD3 /* CreateProfileViewController.swift in Sources */ = {isa = PBXBuildFile; fileRef = 04DC9B1629518A9F000FEBD3 /* CreateProfileViewController.swift */; };
		04DC9B1929518ACF000FEBD3 /* CreateProfileViewModel.swift in Sources */ = {isa = PBXBuildFile; fileRef = 04DC9B1829518ACF000FEBD3 /* CreateProfileViewModel.swift */; };
		04DC9B1D2951E807000FEBD3 /* ProfileImageViewController.swift in Sources */ = {isa = PBXBuildFile; fileRef = 04DC9B1C2951E807000FEBD3 /* ProfileImageViewController.swift */; };
		04DC9B1F2951E846000FEBD3 /* ProfileImageViewModel.swift in Sources */ = {isa = PBXBuildFile; fileRef = 04DC9B1E2951E846000FEBD3 /* ProfileImageViewModel.swift */; };
		04DC9B232951E936000FEBD3 /* ProfileImageView.swift in Sources */ = {isa = PBXBuildFile; fileRef = 04DC9B222951E936000FEBD3 /* ProfileImageView.swift */; };
		04DC9B282951EAEE000FEBD3 /* ImageCollectionViewCell.swift in Sources */ = {isa = PBXBuildFile; fileRef = 04DC9B262951EAEE000FEBD3 /* ImageCollectionViewCell.swift */; };
		04DC9B292951EAEE000FEBD3 /* ImageCollectionViewCell.xib in Resources */ = {isa = PBXBuildFile; fileRef = 04DC9B272951EAEE000FEBD3 /* ImageCollectionViewCell.xib */; };
/* End PBXBuildFile section */

/* Begin PBXFileReference section */
		04627E702956CA70008AAD7C /* SplashViewController.swift */ = {isa = PBXFileReference; lastKnownFileType = sourcecode.swift; path = SplashViewController.swift; sourceTree = "<group>"; };
		04627E722956CA95008AAD7C /* SplashView.swift */ = {isa = PBXFileReference; lastKnownFileType = sourcecode.swift; path = SplashView.swift; sourceTree = "<group>"; };
		04627E742956CABD008AAD7C /* SplashViewModel.swift */ = {isa = PBXFileReference; lastKnownFileType = sourcecode.swift; path = SplashViewModel.swift; sourceTree = "<group>"; };
		04627E762956CCE5008AAD7C /* Extension+UIImage.swift */ = {isa = PBXFileReference; fileEncoding = 4; lastKnownFileType = sourcecode.swift; name = "Extension+UIImage.swift"; path = "../../ott-app-b3/OTT-App-B3/Helpers/Extension+UIImage.swift"; sourceTree = "<group>"; };
		04627E782956CD99008AAD7C /* netflixGif.gif */ = {isa = PBXFileReference; lastKnownFileType = image.gif; path = netflixGif.gif; sourceTree = "<group>"; };
		0462F4382944A15A00D013AD /* UIView + Extension.swift */ = {isa = PBXFileReference; lastKnownFileType = sourcecode.swift; path = "UIView + Extension.swift"; sourceTree = "<group>"; };
		04639A57294AECA20086BD9F /* LoginViewController.swift */ = {isa = PBXFileReference; lastKnownFileType = sourcecode.swift; path = LoginViewController.swift; sourceTree = "<group>"; };
		04639A59294AECE80086BD9F /* LoginViewModel.swift */ = {isa = PBXFileReference; lastKnownFileType = sourcecode.swift; path = LoginViewModel.swift; sourceTree = "<group>"; };
		04639A5B294AED250086BD9F /* LoginView.swift */ = {isa = PBXFileReference; lastKnownFileType = sourcecode.swift; path = LoginView.swift; sourceTree = "<group>"; };
		04639A5D294AF2C50086BD9F /* LoginModel.swift */ = {isa = PBXFileReference; lastKnownFileType = sourcecode.swift; path = LoginModel.swift; sourceTree = "<group>"; };
		0470942E294C597A00D990E4 /* NetworkAdaptor.swift */ = {isa = PBXFileReference; lastKnownFileType = sourcecode.swift; path = NetworkAdaptor.swift; sourceTree = "<group>"; };
		04709431294CA3F600D990E4 /* Urlhandler.swift */ = {isa = PBXFileReference; lastKnownFileType = sourcecode.swift; path = Urlhandler.swift; sourceTree = "<group>"; };
		04709433294CA8E600D990E4 /* Controller.swift */ = {isa = PBXFileReference; lastKnownFileType = sourcecode.swift; path = Controller.swift; sourceTree = "<group>"; };
		04709438294D007200D990E4 /* ForgotPasswordViewController.swift */ = {isa = PBXFileReference; lastKnownFileType = sourcecode.swift; path = ForgotPasswordViewController.swift; sourceTree = "<group>"; };
		0470943A294D009B00D990E4 /* ForgotPasswordView.swift */ = {isa = PBXFileReference; lastKnownFileType = sourcecode.swift; path = ForgotPasswordView.swift; sourceTree = "<group>"; };
		0470943C294D00F500D990E4 /* ForgotPasswordViewModel.swift */ = {isa = PBXFileReference; lastKnownFileType = sourcecode.swift; path = ForgotPasswordViewModel.swift; sourceTree = "<group>"; };
		0470943E294D01A700D990E4 /* ResetPasswordView.swift */ = {isa = PBXFileReference; lastKnownFileType = sourcecode.swift; path = ResetPasswordView.swift; sourceTree = "<group>"; };
		04709440294D01E300D990E4 /* ResetPasswordViewController.swift */ = {isa = PBXFileReference; lastKnownFileType = sourcecode.swift; path = ResetPasswordViewController.swift; sourceTree = "<group>"; };
		04709442294D028A00D990E4 /* ResetPasswordViewModel.swift */ = {isa = PBXFileReference; lastKnownFileType = sourcecode.swift; path = ResetPasswordViewModel.swift; sourceTree = "<group>"; };
		048B1943295564310095FF02 /* ProfileselectionView.swift */ = {isa = PBXFileReference; lastKnownFileType = sourcecode.swift; path = ProfileselectionView.swift; sourceTree = "<group>"; };
		048B19452955647D0095FF02 /* ProfileSelectionViewController.swift */ = {isa = PBXFileReference; lastKnownFileType = sourcecode.swift; path = ProfileSelectionViewController.swift; sourceTree = "<group>"; };
		048B1949295564F90095FF02 /* ProfileSelectionViewModel.swift */ = {isa = PBXFileReference; lastKnownFileType = sourcecode.swift; path = ProfileSelectionViewModel.swift; sourceTree = "<group>"; };
		048B194B29559CEC0095FF02 /* User.swift */ = {isa = PBXFileReference; lastKnownFileType = sourcecode.swift; path = User.swift; sourceTree = "<group>"; };
		048B194E2955EC080095FF02 /* ProfilesCollectionViewCell.swift */ = {isa = PBXFileReference; lastKnownFileType = sourcecode.swift; path = ProfilesCollectionViewCell.swift; sourceTree = "<group>"; };
		048B194F2955EC080095FF02 /* ProfilesCollectionViewCell.xib */ = {isa = PBXFileReference; lastKnownFileType = file.xib; path = ProfilesCollectionViewCell.xib; sourceTree = "<group>"; };
		04C99E8B295097F900FA4FFA /* BaseViewController.swift */ = {isa = PBXFileReference; lastKnownFileType = sourcecode.swift; path = BaseViewController.swift; sourceTree = "<group>"; };
		04D0F4A7294710A60015D482 /* Onbording.storyboard */ = {isa = PBXFileReference; lastKnownFileType = file.storyboard; path = Onbording.storyboard; sourceTree = "<group>"; };
		04D0F4AA29471BC10015D482 /* RegisterViewController.swift */ = {isa = PBXFileReference; lastKnownFileType = sourcecode.swift; path = RegisterViewController.swift; sourceTree = "<group>"; };
		04D0F4AE29471C100015D482 /* RegisterViewModel.swift */ = {isa = PBXFileReference; lastKnownFileType = sourcecode.swift; path = RegisterViewModel.swift; sourceTree = "<group>"; };
		04D0F4B029471C6A0015D482 /* RegisterView.swift */ = {isa = PBXFileReference; lastKnownFileType = sourcecode.swift; path = RegisterView.swift; sourceTree = "<group>"; };
		04DA1D1F29437F3C002F988A /* NetflixApp.app */ = {isa = PBXFileReference; explicitFileType = wrapper.application; includeInIndex = 0; path = NetflixApp.app; sourceTree = BUILT_PRODUCTS_DIR; };
		04DA1D2229437F3D002F988A /* AppDelegate.swift */ = {isa = PBXFileReference; lastKnownFileType = sourcecode.swift; path = AppDelegate.swift; sourceTree = "<group>"; };
		04DA1D2429437F3D002F988A /* SceneDelegate.swift */ = {isa = PBXFileReference; lastKnownFileType = sourcecode.swift; path = SceneDelegate.swift; sourceTree = "<group>"; };
		04DA1D2929437F3D002F988A /* Base */ = {isa = PBXFileReference; lastKnownFileType = file.storyboard; name = Base; path = Base.lproj/Main.storyboard; sourceTree = "<group>"; };
		04DA1D2B29437F4F002F988A /* Assets.xcassets */ = {isa = PBXFileReference; lastKnownFileType = folder.assetcatalog; path = Assets.xcassets; sourceTree = "<group>"; };
		04DA1D2E29437F4F002F988A /* Base */ = {isa = PBXFileReference; lastKnownFileType = file.storyboard; name = Base; path = Base.lproj/LaunchScreen.storyboard; sourceTree = "<group>"; };
		04DA1D3029437F4F002F988A /* Info.plist */ = {isa = PBXFileReference; lastKnownFileType = text.plist.xml; path = Info.plist; sourceTree = "<group>"; };
		04DA1D36294380A9002F988A /* Font.swift */ = {isa = PBXFileReference; lastKnownFileType = sourcecode.swift; path = Font.swift; sourceTree = "<group>"; };
		04DA1D38294380D2002F988A /* Images.swift */ = {isa = PBXFileReference; lastKnownFileType = sourcecode.swift; path = Images.swift; sourceTree = "<group>"; };
		04DA1D3A294380E3002F988A /* Colors.swift */ = {isa = PBXFileReference; lastKnownFileType = sourcecode.swift; path = Colors.swift; sourceTree = "<group>"; };
		04DA1D3C29438107002F988A /* Strings.swift */ = {isa = PBXFileReference; lastKnownFileType = sourcecode.swift; path = Strings.swift; sourceTree = "<group>"; };
		04DA1D3E29438143002F988A /* WelcomeViewController.swift */ = {isa = PBXFileReference; lastKnownFileType = sourcecode.swift; path = WelcomeViewController.swift; sourceTree = "<group>"; };
		04DA1D40294381B4002F988A /* WelcomeView.swift */ = {isa = PBXFileReference; lastKnownFileType = sourcecode.swift; path = WelcomeView.swift; sourceTree = "<group>"; };
		04DC9B1429518A6B000FEBD3 /* CreateProfileView.swift */ = {isa = PBXFileReference; lastKnownFileType = sourcecode.swift; path = CreateProfileView.swift; sourceTree = "<group>"; };
		04DC9B1629518A9F000FEBD3 /* CreateProfileViewController.swift */ = {isa = PBXFileReference; lastKnownFileType = sourcecode.swift; path = CreateProfileViewController.swift; sourceTree = "<group>"; };
		04DC9B1829518ACF000FEBD3 /* CreateProfileViewModel.swift */ = {isa = PBXFileReference; lastKnownFileType = sourcecode.swift; path = CreateProfileViewModel.swift; sourceTree = "<group>"; };
		04DC9B1C2951E807000FEBD3 /* ProfileImageViewController.swift */ = {isa = PBXFileReference; lastKnownFileType = sourcecode.swift; path = ProfileImageViewController.swift; sourceTree = "<group>"; };
		04DC9B1E2951E846000FEBD3 /* ProfileImageViewModel.swift */ = {isa = PBXFileReference; lastKnownFileType = sourcecode.swift; path = ProfileImageViewModel.swift; sourceTree = "<group>"; };
		04DC9B222951E936000FEBD3 /* ProfileImageView.swift */ = {isa = PBXFileReference; lastKnownFileType = sourcecode.swift; path = ProfileImageView.swift; sourceTree = "<group>"; };
		04DC9B262951EAEE000FEBD3 /* ImageCollectionViewCell.swift */ = {isa = PBXFileReference; lastKnownFileType = sourcecode.swift; path = ImageCollectionViewCell.swift; sourceTree = "<group>"; };
		04DC9B272951EAEE000FEBD3 /* ImageCollectionViewCell.xib */ = {isa = PBXFileReference; lastKnownFileType = file.xib; path = ImageCollectionViewCell.xib; sourceTree = "<group>"; };
/* End PBXFileReference section */

/* Begin PBXFrameworksBuildPhase section */
		04DA1D1C29437F3C002F988A /* Frameworks */ = {
			isa = PBXFrameworksBuildPhase;
			buildActionMask = 2147483647;
			files = (
			);
			runOnlyForDeploymentPostprocessing = 0;
		};
/* End PBXFrameworksBuildPhase section */

/* Begin PBXGroup section */
		04627E6F2956CA13008AAD7C /* SplashScreen */ = {
			isa = PBXGroup;
			children = (
				04627E722956CA95008AAD7C /* SplashView.swift */,
				04627E702956CA70008AAD7C /* SplashViewController.swift */,
				04627E742956CABD008AAD7C /* SplashViewModel.swift */,
			);
			path = SplashScreen;
			sourceTree = "<group>";
		};
		04639A56294AEC4E0086BD9F /* Login */ = {
			isa = PBXGroup;
			children = (
				04639A57294AECA20086BD9F /* LoginViewController.swift */,
				04639A5B294AED250086BD9F /* LoginView.swift */,
				04639A59294AECE80086BD9F /* LoginViewModel.swift */,
				04639A5D294AF2C50086BD9F /* LoginModel.swift */,
			);
			path = Login;
			sourceTree = "<group>";
		};
		04709435294CFF4400D990E4 /* Register */ = {
			isa = PBXGroup;
			children = (
				04D0F4B029471C6A0015D482 /* RegisterView.swift */,
				04D0F4AA29471BC10015D482 /* RegisterViewController.swift */,
				04D0F4AE29471C100015D482 /* RegisterViewModel.swift */,
			);
			path = Register;
			sourceTree = "<group>";
		};
		04709436294CFFAA00D990E4 /* ForgotPassword */ = {
			isa = PBXGroup;
			children = (
				0470943A294D009B00D990E4 /* ForgotPasswordView.swift */,
				04709438294D007200D990E4 /* ForgotPasswordViewController.swift */,
				0470943C294D00F500D990E4 /* ForgotPasswordViewModel.swift */,
			);
			path = ForgotPassword;
			sourceTree = "<group>";
		};
		04709437294CFFC300D990E4 /* ResetPassword */ = {
			isa = PBXGroup;
			children = (
				0470943E294D01A700D990E4 /* ResetPasswordView.swift */,
				04709442294D028A00D990E4 /* ResetPasswordViewModel.swift */,
				04709440294D01E300D990E4 /* ResetPasswordViewController.swift */,
			);
			path = ResetPassword;
			sourceTree = "<group>";
		};
		048B194D2955EB9D0095FF02 /* Profiles */ = {
			isa = PBXGroup;
			children = (
				048B194E2955EC080095FF02 /* ProfilesCollectionViewCell.swift */,
				048B194F2955EC080095FF02 /* ProfilesCollectionViewCell.xib */,
			);
			path = Profiles;
			sourceTree = "<group>";
		};
		04902B582954784D000E139F /* Profileselection */ = {
			isa = PBXGroup;
			children = (
				048B1943295564310095FF02 /* ProfileselectionView.swift */,
				048B19452955647D0095FF02 /* ProfileSelectionViewController.swift */,
				048B1949295564F90095FF02 /* ProfileSelectionViewModel.swift */,
			);
			path = Profileselection;
			sourceTree = "<group>";
		};
		04C99E8A2950978D00FA4FFA /* BaseClasses */ = {
			isa = PBXGroup;
			children = (
				04C99E8B295097F900FA4FFA /* BaseViewController.swift */,
			);
			path = BaseClasses;
			sourceTree = "<group>";
		};
		04D0F4A929471B870015D482 /* Onbording */ = {
			isa = PBXGroup;
			children = (
				04627E6F2956CA13008AAD7C /* SplashScreen */,
				04902B582954784D000E139F /* Profileselection */,
				04DC9B1A2951E787000FEBD3 /* Profileimage */,
				04DC9B13295189D4000FEBD3 /* CreateProfile */,
				04709437294CFFC300D990E4 /* ResetPassword */,
				04709436294CFFAA00D990E4 /* ForgotPassword */,
				04709435294CFF4400D990E4 /* Register */,
				04639A56294AEC4E0086BD9F /* Login */,
			);
			path = Onbording;
			sourceTree = "<group>";
		};
		04DA1D1629437F3C002F988A = {
			isa = PBXGroup;
			children = (
				04DA1D2129437F3C002F988A /* NetflixApp */,
				04DA1D2029437F3C002F988A /* Products */,
			);
			sourceTree = "<group>";
		};
		04DA1D2029437F3C002F988A /* Products */ = {
			isa = PBXGroup;
			children = (
				04DA1D1F29437F3C002F988A /* NetflixApp.app */,
			);
			name = Products;
			sourceTree = "<group>";
		};
		04DA1D2129437F3C002F988A /* NetflixApp */ = {
			isa = PBXGroup;
			children = (
				04DA1D2229437F3D002F988A /* AppDelegate.swift */,
				04DA1D2429437F3D002F988A /* SceneDelegate.swift */,
				04DA1D2829437F3D002F988A /* Main.storyboard */,
				04D0F4A7294710A60015D482 /* Onbording.storyboard */,
				0462F4382944A15A00D013AD /* UIView + Extension.swift */,
				04627E762956CCE5008AAD7C /* Extension+UIImage.swift */,
				0470942E294C597A00D990E4 /* NetworkAdaptor.swift */,
				04709431294CA3F600D990E4 /* Urlhandler.swift */,
				04709433294CA8E600D990E4 /* Controller.swift */,
				04DA1D36294380A9002F988A /* Font.swift */,
				04DA1D38294380D2002F988A /* Images.swift */,
				04DA1D3A294380E3002F988A /* Colors.swift */,
				04DA1D3C29438107002F988A /* Strings.swift */,
				048B194B29559CEC0095FF02 /* User.swift */,
				04DA1D3E29438143002F988A /* WelcomeViewController.swift */,
				04DA1D40294381B4002F988A /* WelcomeView.swift */,
				04DC9B1B2951E7A1000FEBD3 /* ImageCell */,
				04C99E8A2950978D00FA4FFA /* BaseClasses */,
				04D0F4A929471B870015D482 /* Onbording */,
				04DA1D2B29437F4F002F988A /* Assets.xcassets */,
				04627E782956CD99008AAD7C /* netflixGif.gif */,
				04DA1D2D29437F4F002F988A /* LaunchScreen.storyboard */,
				04DA1D3029437F4F002F988A /* Info.plist */,
			);
			path = NetflixApp;
			sourceTree = "<group>";
		};
		04DC9B13295189D4000FEBD3 /* CreateProfile */ = {
			isa = PBXGroup;
			children = (
				04DC9B1429518A6B000FEBD3 /* CreateProfileView.swift */,
				04DC9B1629518A9F000FEBD3 /* CreateProfileViewController.swift */,
				04DC9B1829518ACF000FEBD3 /* CreateProfileViewModel.swift */,
			);
			path = CreateProfile;
			sourceTree = "<group>";
		};
		04DC9B1A2951E787000FEBD3 /* Profileimage */ = {
			isa = PBXGroup;
			children = (
				04DC9B1C2951E807000FEBD3 /* ProfileImageViewController.swift */,
				04DC9B1E2951E846000FEBD3 /* ProfileImageViewModel.swift */,
				04DC9B222951E936000FEBD3 /* ProfileImageView.swift */,
			);
			path = Profileimage;
			sourceTree = "<group>";
		};
		04DC9B1B2951E7A1000FEBD3 /* ImageCell */ = {
			isa = PBXGroup;
			children = (
				04DC9B252951EA9F000FEBD3 /* TableviewCell */,
				04DC9B242951EA84000FEBD3 /* CollectionviewCell */,
			);
			path = ImageCell;
			sourceTree = "<group>";
		};
		04DC9B242951EA84000FEBD3 /* CollectionviewCell */ = {
			isa = PBXGroup;
			children = (
				048B194D2955EB9D0095FF02 /* Profiles */,
				04DC9B2A2951EB05000FEBD3 /* image */,
			);
			path = CollectionviewCell;
			sourceTree = "<group>";
		};
		04DC9B252951EA9F000FEBD3 /* TableviewCell */ = {
			isa = PBXGroup;
			children = (
			);
			path = TableviewCell;
			sourceTree = "<group>";
		};
		04DC9B2A2951EB05000FEBD3 /* image */ = {
			isa = PBXGroup;
			children = (
				04DC9B262951EAEE000FEBD3 /* ImageCollectionViewCell.swift */,
				04DC9B272951EAEE000FEBD3 /* ImageCollectionViewCell.xib */,
			);
			path = image;
			sourceTree = "<group>";
		};
/* End PBXGroup section */

/* Begin PBXNativeTarget section */
		04DA1D1E29437F3C002F988A /* NetflixApp */ = {
			isa = PBXNativeTarget;
			buildConfigurationList = 04DA1D3329437F4F002F988A /* Build configuration list for PBXNativeTarget "NetflixApp" */;
			buildPhases = (
				04DA1D1B29437F3C002F988A /* Sources */,
				04DA1D1C29437F3C002F988A /* Frameworks */,
				04DA1D1D29437F3C002F988A /* Resources */,
			);
			buildRules = (
			);
			dependencies = (
			);
			name = NetflixApp;
			productName = NetflixApp;
			productReference = 04DA1D1F29437F3C002F988A /* NetflixApp.app */;
			productType = "com.apple.product-type.application";
		};
/* End PBXNativeTarget section */

/* Begin PBXProject section */
		04DA1D1729437F3C002F988A /* Project object */ = {
			isa = PBXProject;
			attributes = {
				LastSwiftUpdateCheck = 1250;
				LastUpgradeCheck = 1250;
				TargetAttributes = {
					04DA1D1E29437F3C002F988A = {
						CreatedOnToolsVersion = 12.5.1;
					};
				};
			};
			buildConfigurationList = 04DA1D1A29437F3C002F988A /* Build configuration list for PBXProject "NetflixApp" */;
			compatibilityVersion = "Xcode 9.3";
			developmentRegion = en;
			hasScannedForEncodings = 0;
			knownRegions = (
				en,
				Base,
			);
			mainGroup = 04DA1D1629437F3C002F988A;
			productRefGroup = 04DA1D2029437F3C002F988A /* Products */;
			projectDirPath = "";
			projectRoot = "";
			targets = (
				04DA1D1E29437F3C002F988A /* NetflixApp */,
			);
		};
/* End PBXProject section */

/* Begin PBXResourcesBuildPhase section */
		04DA1D1D29437F3C002F988A /* Resources */ = {
			isa = PBXResourcesBuildPhase;
			buildActionMask = 2147483647;
			files = (
				04DA1D2F29437F4F002F988A /* LaunchScreen.storyboard in Resources */,
				04D0F4A8294710A60015D482 /* Onbording.storyboard in Resources */,
				04DA1D2C29437F4F002F988A /* Assets.xcassets in Resources */,
				04DA1D2A29437F3D002F988A /* Main.storyboard in Resources */,
				04627E792956CD9A008AAD7C /* netflixGif.gif in Resources */,
				048B19512955EC080095FF02 /* ProfilesCollectionViewCell.xib in Resources */,
				04DC9B292951EAEE000FEBD3 /* ImageCollectionViewCell.xib in Resources */,
			);
			runOnlyForDeploymentPostprocessing = 0;
		};
/* End PBXResourcesBuildPhase section */

/* Begin PBXSourcesBuildPhase section */
		04DA1D1B29437F3C002F988A /* Sources */ = {
			isa = PBXSourcesBuildPhase;
			buildActionMask = 2147483647;
			files = (
				048B19502955EC080095FF02 /* ProfilesCollectionViewCell.swift in Sources */,
				04DC9B232951E936000FEBD3 /* ProfileImageView.swift in Sources */,
				04DA1D37294380A9002F988A /* Font.swift in Sources */,
				0470943B294D009B00D990E4 /* ForgotPasswordView.swift in Sources */,
				048B1944295564310095FF02 /* ProfileselectionView.swift in Sources */,
				04D0F4AB29471BC10015D482 /* RegisterViewController.swift in Sources */,
				04627E712956CA71008AAD7C /* SplashViewController.swift in Sources */,
				04709441294D01E300D990E4 /* ResetPasswordViewController.swift in Sources */,
				04DA1D3F29438143002F988A /* WelcomeViewController.swift in Sources */,
				04709443294D028A00D990E4 /* ResetPasswordViewModel.swift in Sources */,
				04639A5C294AED250086BD9F /* LoginView.swift in Sources */,
				04709432294CA3F600D990E4 /* Urlhandler.swift in Sources */,
				0470943D294D00F500D990E4 /* ForgotPasswordViewModel.swift in Sources */,
				04DA1D3B294380E3002F988A /* Colors.swift in Sources */,
				04639A5E294AF2C50086BD9F /* LoginModel.swift in Sources */,
				04DC9B282951EAEE000FEBD3 /* ImageCollectionViewCell.swift in Sources */,
				04DA1D41294381B4002F988A /* WelcomeView.swift in Sources */,
				04627E732956CA96008AAD7C /* SplashView.swift in Sources */,
				04DC9B1D2951E807000FEBD3 /* ProfileImageViewController.swift in Sources */,
				0470942F294C597A00D990E4 /* NetworkAdaptor.swift in Sources */,
				04DC9B1F2951E846000FEBD3 /* ProfileImageViewModel.swift in Sources */,
				04627E772956CCE6008AAD7C /* Extension+UIImage.swift in Sources */,
				04C99E8C295097F900FA4FFA /* BaseViewController.swift in Sources */,
				04DA1D39294380D2002F988A /* Images.swift in Sources */,
				04627E752956CABD008AAD7C /* SplashViewModel.swift in Sources */,
				04639A5A294AECE80086BD9F /* LoginViewModel.swift in Sources */,
				04D0F4AF29471C100015D482 /* RegisterViewModel.swift in Sources */,
				04DA1D2329437F3D002F988A /* AppDelegate.swift in Sources */,
				048B194C29559CEC0095FF02 /* User.swift in Sources */,
				04DA1D2529437F3D002F988A /* SceneDelegate.swift in Sources */,
				04709434294CA8E600D990E4 /* Controller.swift in Sources */,
				04DC9B1729518AA0000FEBD3 /* CreateProfileViewController.swift in Sources */,
				04D0F4B129471C6A0015D482 /* RegisterView.swift in Sources */,
				04DC9B1529518A6B000FEBD3 /* CreateProfileView.swift in Sources */,
				04709439294D007200D990E4 /* ForgotPasswordViewController.swift in Sources */,
				04DA1D3D29438107002F988A /* Strings.swift in Sources */,
				0470943F294D01A700D990E4 /* ResetPasswordView.swift in Sources */,
				04639A58294AECA20086BD9F /* LoginViewController.swift in Sources */,
				04DC9B1929518ACF000FEBD3 /* CreateProfileViewModel.swift in Sources */,
				048B194A295564FA0095FF02 /* ProfileSelectionViewModel.swift in Sources */,
				048B19462955647D0095FF02 /* ProfileSelectionViewController.swift in Sources */,
				0462F4392944A15A00D013AD /* UIView + Extension.swift in Sources */,
			);
			runOnlyForDeploymentPostprocessing = 0;
		};
/* End PBXSourcesBuildPhase section */

/* Begin PBXVariantGroup section */
		04DA1D2829437F3D002F988A /* Main.storyboard */ = {
			isa = PBXVariantGroup;
			children = (
				04DA1D2929437F3D002F988A /* Base */,
			);
			name = Main.storyboard;
			sourceTree = "<group>";
		};
		04DA1D2D29437F4F002F988A /* LaunchScreen.storyboard */ = {
			isa = PBXVariantGroup;
			children = (
				04DA1D2E29437F4F002F988A /* Base */,
			);
			name = LaunchScreen.storyboard;
			sourceTree = "<group>";
		};
/* End PBXVariantGroup section */

/* Begin XCBuildConfiguration section */
		04DA1D3129437F4F002F988A /* Debug */ = {
			isa = XCBuildConfiguration;
			buildSettings = {
				ALWAYS_SEARCH_USER_PATHS = NO;
				CLANG_ANALYZER_NONNULL = YES;
				CLANG_ANALYZER_NUMBER_OBJECT_CONVERSION = YES_AGGRESSIVE;
				CLANG_CXX_LANGUAGE_STANDARD = "gnu++14";
				CLANG_CXX_LIBRARY = "libc++";
				CLANG_ENABLE_MODULES = YES;
				CLANG_ENABLE_OBJC_ARC = YES;
				CLANG_ENABLE_OBJC_WEAK = YES;
				CLANG_WARN_BLOCK_CAPTURE_AUTORELEASING = YES;
				CLANG_WARN_BOOL_CONVERSION = YES;
				CLANG_WARN_COMMA = YES;
				CLANG_WARN_CONSTANT_CONVERSION = YES;
				CLANG_WARN_DEPRECATED_OBJC_IMPLEMENTATIONS = YES;
				CLANG_WARN_DIRECT_OBJC_ISA_USAGE = YES_ERROR;
				CLANG_WARN_DOCUMENTATION_COMMENTS = YES;
				CLANG_WARN_EMPTY_BODY = YES;
				CLANG_WARN_ENUM_CONVERSION = YES;
				CLANG_WARN_INFINITE_RECURSION = YES;
				CLANG_WARN_INT_CONVERSION = YES;
				CLANG_WARN_NON_LITERAL_NULL_CONVERSION = YES;
				CLANG_WARN_OBJC_IMPLICIT_RETAIN_SELF = YES;
				CLANG_WARN_OBJC_LITERAL_CONVERSION = YES;
				CLANG_WARN_OBJC_ROOT_CLASS = YES_ERROR;
				CLANG_WARN_QUOTED_INCLUDE_IN_FRAMEWORK_HEADER = YES;
				CLANG_WARN_RANGE_LOOP_ANALYSIS = YES;
				CLANG_WARN_STRICT_PROTOTYPES = YES;
				CLANG_WARN_SUSPICIOUS_MOVE = YES;
				CLANG_WARN_UNGUARDED_AVAILABILITY = YES_AGGRESSIVE;
				CLANG_WARN_UNREACHABLE_CODE = YES;
				CLANG_WARN__DUPLICATE_METHOD_MATCH = YES;
				COPY_PHASE_STRIP = NO;
				DEBUG_INFORMATION_FORMAT = dwarf;
				ENABLE_STRICT_OBJC_MSGSEND = YES;
				ENABLE_TESTABILITY = YES;
				GCC_C_LANGUAGE_STANDARD = gnu11;
				GCC_DYNAMIC_NO_PIC = NO;
				GCC_NO_COMMON_BLOCKS = YES;
				GCC_OPTIMIZATION_LEVEL = 0;
				GCC_PREPROCESSOR_DEFINITIONS = (
					"DEBUG=1",
					"$(inherited)",
				);
				GCC_WARN_64_TO_32_BIT_CONVERSION = YES;
				GCC_WARN_ABOUT_RETURN_TYPE = YES_ERROR;
				GCC_WARN_UNDECLARED_SELECTOR = YES;
				GCC_WARN_UNINITIALIZED_AUTOS = YES_AGGRESSIVE;
				GCC_WARN_UNUSED_FUNCTION = YES;
				GCC_WARN_UNUSED_VARIABLE = YES;
				IPHONEOS_DEPLOYMENT_TARGET = 14.5;
				MTL_ENABLE_DEBUG_INFO = INCLUDE_SOURCE;
				MTL_FAST_MATH = YES;
				ONLY_ACTIVE_ARCH = YES;
				SDKROOT = iphoneos;
				SWIFT_ACTIVE_COMPILATION_CONDITIONS = DEBUG;
				SWIFT_OPTIMIZATION_LEVEL = "-Onone";
			};
			name = Debug;
		};
		04DA1D3229437F4F002F988A /* Release */ = {
			isa = XCBuildConfiguration;
			buildSettings = {
				ALWAYS_SEARCH_USER_PATHS = NO;
				CLANG_ANALYZER_NONNULL = YES;
				CLANG_ANALYZER_NUMBER_OBJECT_CONVERSION = YES_AGGRESSIVE;
				CLANG_CXX_LANGUAGE_STANDARD = "gnu++14";
				CLANG_CXX_LIBRARY = "libc++";
				CLANG_ENABLE_MODULES = YES;
				CLANG_ENABLE_OBJC_ARC = YES;
				CLANG_ENABLE_OBJC_WEAK = YES;
				CLANG_WARN_BLOCK_CAPTURE_AUTORELEASING = YES;
				CLANG_WARN_BOOL_CONVERSION = YES;
				CLANG_WARN_COMMA = YES;
				CLANG_WARN_CONSTANT_CONVERSION = YES;
				CLANG_WARN_DEPRECATED_OBJC_IMPLEMENTATIONS = YES;
				CLANG_WARN_DIRECT_OBJC_ISA_USAGE = YES_ERROR;
				CLANG_WARN_DOCUMENTATION_COMMENTS = YES;
				CLANG_WARN_EMPTY_BODY = YES;
				CLANG_WARN_ENUM_CONVERSION = YES;
				CLANG_WARN_INFINITE_RECURSION = YES;
				CLANG_WARN_INT_CONVERSION = YES;
				CLANG_WARN_NON_LITERAL_NULL_CONVERSION = YES;
				CLANG_WARN_OBJC_IMPLICIT_RETAIN_SELF = YES;
				CLANG_WARN_OBJC_LITERAL_CONVERSION = YES;
				CLANG_WARN_OBJC_ROOT_CLASS = YES_ERROR;
				CLANG_WARN_QUOTED_INCLUDE_IN_FRAMEWORK_HEADER = YES;
				CLANG_WARN_RANGE_LOOP_ANALYSIS = YES;
				CLANG_WARN_STRICT_PROTOTYPES = YES;
				CLANG_WARN_SUSPICIOUS_MOVE = YES;
				CLANG_WARN_UNGUARDED_AVAILABILITY = YES_AGGRESSIVE;
				CLANG_WARN_UNREACHABLE_CODE = YES;
				CLANG_WARN__DUPLICATE_METHOD_MATCH = YES;
				COPY_PHASE_STRIP = NO;
				DEBUG_INFORMATION_FORMAT = "dwarf-with-dsym";
				ENABLE_NS_ASSERTIONS = NO;
				ENABLE_STRICT_OBJC_MSGSEND = YES;
				GCC_C_LANGUAGE_STANDARD = gnu11;
				GCC_NO_COMMON_BLOCKS = YES;
				GCC_WARN_64_TO_32_BIT_CONVERSION = YES;
				GCC_WARN_ABOUT_RETURN_TYPE = YES_ERROR;
				GCC_WARN_UNDECLARED_SELECTOR = YES;
				GCC_WARN_UNINITIALIZED_AUTOS = YES_AGGRESSIVE;
				GCC_WARN_UNUSED_FUNCTION = YES;
				GCC_WARN_UNUSED_VARIABLE = YES;
				IPHONEOS_DEPLOYMENT_TARGET = 14.5;
				MTL_ENABLE_DEBUG_INFO = NO;
				MTL_FAST_MATH = YES;
				SDKROOT = iphoneos;
				SWIFT_COMPILATION_MODE = wholemodule;
				SWIFT_OPTIMIZATION_LEVEL = "-O";
				VALIDATE_PRODUCT = YES;
			};
			name = Release;
		};
		04DA1D3429437F4F002F988A /* Debug */ = {
			isa = XCBuildConfiguration;
			buildSettings = {
				ASSETCATALOG_COMPILER_APPICON_NAME = AppIcon;
				ASSETCATALOG_COMPILER_GLOBAL_ACCENT_COLOR_NAME = AccentColor;
				CODE_SIGN_STYLE = Automatic;
				INFOPLIST_FILE = NetflixApp/Info.plist;
				LD_RUNPATH_SEARCH_PATHS = (
					"$(inherited)",
					"@executable_path/Frameworks",
				);
				PRODUCT_BUNDLE_IDENTIFIER = Bhanu.NetflixApp;
				PRODUCT_NAME = "$(TARGET_NAME)";
				SWIFT_VERSION = 5.0;
				TARGETED_DEVICE_FAMILY = "1,2";
			};
			name = Debug;
		};
		04DA1D3529437F4F002F988A /* Release */ = {
			isa = XCBuildConfiguration;
			buildSettings = {
				ASSETCATALOG_COMPILER_APPICON_NAME = AppIcon;
				ASSETCATALOG_COMPILER_GLOBAL_ACCENT_COLOR_NAME = AccentColor;
				CODE_SIGN_STYLE = Automatic;
				INFOPLIST_FILE = NetflixApp/Info.plist;
				LD_RUNPATH_SEARCH_PATHS = (
					"$(inherited)",
					"@executable_path/Frameworks",
				);
				PRODUCT_BUNDLE_IDENTIFIER = Bhanu.NetflixApp;
				PRODUCT_NAME = "$(TARGET_NAME)";
				SWIFT_VERSION = 5.0;
				TARGETED_DEVICE_FAMILY = "1,2";
			};
			name = Release;
		};
/* End XCBuildConfiguration section */

/* Begin XCConfigurationList section */
		04DA1D1A29437F3C002F988A /* Build configuration list for PBXProject "NetflixApp" */ = {
			isa = XCConfigurationList;
			buildConfigurations = (
				04DA1D3129437F4F002F988A /* Debug */,
				04DA1D3229437F4F002F988A /* Release */,
			);
			defaultConfigurationIsVisible = 0;
			defaultConfigurationName = Release;
		};
		04DA1D3329437F4F002F988A /* Build configuration list for PBXNativeTarget "NetflixApp" */ = {
			isa = XCConfigurationList;
			buildConfigurations = (
				04DA1D3429437F4F002F988A /* Debug */,
				04DA1D3529437F4F002F988A /* Release */,
			);
			defaultConfigurationIsVisible = 0;
			defaultConfigurationName = Release;
		};
/* End XCConfigurationList section */
	};
	rootObject = 04DA1D1729437F3C002F988A /* Project object */;
}
