// !$*UTF8*$!
{
	archiveVersion = 1;
	classes = {
	};
	objectVersion = 51;
	objects = {

/* Begin PBXBuildFile section */
		045FE78E2992010800D9271F /* DetailheroCollectionViewCell.swift in Sources */ = {isa = PBXBuildFile; fileRef = 045FE78C2992010800D9271F /* DetailheroCollectionViewCell.swift */; };
		045FE78F2992010800D9271F /* DetailheroCollectionViewCell.xib in Resources */ = {isa = PBXBuildFile; fileRef = 045FE78D2992010800D9271F /* DetailheroCollectionViewCell.xib */; };
		04603667296DA3D400C6639B /* TabBar.storyboard in Resources */ = {isa = PBXBuildFile; fileRef = 04603666296DA3D400C6639B /* TabBar.storyboard */; };
		0460366A296DA46E00C6639B /* HomeViewModel.swift in Sources */ = {isa = PBXBuildFile; fileRef = 04603669296DA46E00C6639B /* HomeViewModel.swift */; };
		0460366C296DA4C800C6639B /* HomeView.swift in Sources */ = {isa = PBXBuildFile; fileRef = 0460366B296DA4C800C6639B /* HomeView.swift */; };
		0460366E296DA57E00C6639B /* HomeViewController.swift in Sources */ = {isa = PBXBuildFile; fileRef = 0460366D296DA57E00C6639B /* HomeViewController.swift */; };
		04603672296DC59F00C6639B /* Loader.swift in Sources */ = {isa = PBXBuildFile; fileRef = 04603671296DC59F00C6639B /* Loader.swift */; };
		04627E712956CA71008AAD7C /* SplashViewController.swift in Sources */ = {isa = PBXBuildFile; fileRef = 04627E702956CA70008AAD7C /* SplashViewController.swift */; };
		04627E732956CA96008AAD7C /* SplashView.swift in Sources */ = {isa = PBXBuildFile; fileRef = 04627E722956CA95008AAD7C /* SplashView.swift */; };
		04627E752956CABD008AAD7C /* SplashViewModel.swift in Sources */ = {isa = PBXBuildFile; fileRef = 04627E742956CABD008AAD7C /* SplashViewModel.swift */; };
		04627E792956CD9A008AAD7C /* netflixGif.gif in Resources */ = {isa = PBXBuildFile; fileRef = 04627E782956CD99008AAD7C /* netflixGif.gif */; };
		04627E7B2957006D008AAD7C /* Constants.swift in Sources */ = {isa = PBXBuildFile; fileRef = 04627E7A2957006D008AAD7C /* Constants.swift */; };
		0462DACE298925DC009C302F /* SearchViewTableViewCell.swift in Sources */ = {isa = PBXBuildFile; fileRef = 0462DACC298925DC009C302F /* SearchViewTableViewCell.swift */; };
		0462DACF298925DC009C302F /* SearchViewTableViewCell.xib in Resources */ = {isa = PBXBuildFile; fileRef = 0462DACD298925DC009C302F /* SearchViewTableViewCell.xib */; };
		0462F4392944A15A00D013AD /* UIView + Extension.swift in Sources */ = {isa = PBXBuildFile; fileRef = 0462F4382944A15A00D013AD /* UIView + Extension.swift */; };
		04639A58294AECA20086BD9F /* LoginViewController.swift in Sources */ = {isa = PBXBuildFile; fileRef = 04639A57294AECA20086BD9F /* LoginViewController.swift */; };
		04639A5A294AECE80086BD9F /* LoginViewModel.swift in Sources */ = {isa = PBXBuildFile; fileRef = 04639A59294AECE80086BD9F /* LoginViewModel.swift */; };
		04639A5C294AED250086BD9F /* LoginView.swift in Sources */ = {isa = PBXBuildFile; fileRef = 04639A5B294AED250086BD9F /* LoginView.swift */; };
		04639A5E294AF2C50086BD9F /* LoginModel.swift in Sources */ = {isa = PBXBuildFile; fileRef = 04639A5D294AF2C50086BD9F /* LoginModel.swift */; };
		046541582997AFC500B06343 /* DetailsHeaderCollectionReusableView.swift in Sources */ = {isa = PBXBuildFile; fileRef = 046541562997AFC500B06343 /* DetailsHeaderCollectionReusableView.swift */; };
		046541592997AFC500B06343 /* DetailsHeaderCollectionReusableView.xib in Resources */ = {isa = PBXBuildFile; fileRef = 046541572997AFC500B06343 /* DetailsHeaderCollectionReusableView.xib */; };
		046EDE462990CC09009E9F65 /* HeaderTableViewCell.swift in Sources */ = {isa = PBXBuildFile; fileRef = 046EDE442990CC09009E9F65 /* HeaderTableViewCell.swift */; };
		046EDE472990CC09009E9F65 /* HeaderTableViewCell.xib in Resources */ = {isa = PBXBuildFile; fileRef = 046EDE452990CC09009E9F65 /* HeaderTableViewCell.xib */; };
		046EDE4E29910D39009E9F65 /* DetailsViewController.swift in Sources */ = {isa = PBXBuildFile; fileRef = 046EDE4D29910D39009E9F65 /* DetailsViewController.swift */; };
		046EDE5029910D70009E9F65 /* DetailsView.swift in Sources */ = {isa = PBXBuildFile; fileRef = 046EDE4F29910D70009E9F65 /* DetailsView.swift */; };
		046EDE5429910DD8009E9F65 /* DetailsViewModel.swift in Sources */ = {isa = PBXBuildFile; fileRef = 046EDE5329910DD8009E9F65 /* DetailsViewModel.swift */; };
		04708A162984E4D7007AA87C /* CategoryDataModel.swift in Sources */ = {isa = PBXBuildFile; fileRef = 04708A152984E4D7007AA87C /* CategoryDataModel.swift */; };
		0470942F294C597A00D990E4 /* NetworkAdaptor.swift in Sources */ = {isa = PBXBuildFile; fileRef = 0470942E294C597A00D990E4 /* NetworkAdaptor.swift */; };
		04709432294CA3F600D990E4 /* Urlhandler.swift in Sources */ = {isa = PBXBuildFile; fileRef = 04709431294CA3F600D990E4 /* Urlhandler.swift */; };
		04709434294CA8E600D990E4 /* Controller.swift in Sources */ = {isa = PBXBuildFile; fileRef = 04709433294CA8E600D990E4 /* Controller.swift */; };
		04709439294D007200D990E4 /* ForgotPasswordViewController.swift in Sources */ = {isa = PBXBuildFile; fileRef = 04709438294D007200D990E4 /* ForgotPasswordViewController.swift */; };
		0470943B294D009B00D990E4 /* ForgotPasswordView.swift in Sources */ = {isa = PBXBuildFile; fileRef = 0470943A294D009B00D990E4 /* ForgotPasswordView.swift */; };
		0470943D294D00F500D990E4 /* ForgotPasswordViewModel.swift in Sources */ = {isa = PBXBuildFile; fileRef = 0470943C294D00F500D990E4 /* ForgotPasswordViewModel.swift */; };
		0470943F294D01A700D990E4 /* ResetPasswordView.swift in Sources */ = {isa = PBXBuildFile; fileRef = 0470943E294D01A700D990E4 /* ResetPasswordView.swift */; };
		04709441294D01E300D990E4 /* ResetPasswordViewController.swift in Sources */ = {isa = PBXBuildFile; fileRef = 04709440294D01E300D990E4 /* ResetPasswordViewController.swift */; };
		04709443294D028A00D990E4 /* ResetPasswordViewModel.swift in Sources */ = {isa = PBXBuildFile; fileRef = 04709442294D028A00D990E4 /* ResetPasswordViewModel.swift */; };
		047342AE29961B5A00621B73 /* MoviesModel.swift in Sources */ = {isa = PBXBuildFile; fileRef = 047342AC29961B5900621B73 /* MoviesModel.swift */; };
		047342AF29961B5A00621B73 /* SeriesData.swift in Sources */ = {isa = PBXBuildFile; fileRef = 047342AD29961B5A00621B73 /* SeriesData.swift */; };
		0473873129992ACD00A4E540 /* EpisodeCollectionViewCell.swift in Sources */ = {isa = PBXBuildFile; fileRef = 0473872F29992ACD00A4E540 /* EpisodeCollectionViewCell.swift */; };
		0473873229992ACD00A4E540 /* EpisodeCollectionViewCell.xib in Resources */ = {isa = PBXBuildFile; fileRef = 0473873029992ACD00A4E540 /* EpisodeCollectionViewCell.xib */; };
		0475C8822987970B002A2372 /* SearchViewController.swift in Sources */ = {isa = PBXBuildFile; fileRef = 0475C8812987970B002A2372 /* SearchViewController.swift */; };
		0475C88429879769002A2372 /* SearchView.swift in Sources */ = {isa = PBXBuildFile; fileRef = 0475C88329879769002A2372 /* SearchView.swift */; };
		0475C886298797AD002A2372 /* SearchViewModel.swift in Sources */ = {isa = PBXBuildFile; fileRef = 0475C885298797AD002A2372 /* SearchViewModel.swift */; };
		0475C8892987B501002A2372 /* TabBarViewController.swift in Sources */ = {isa = PBXBuildFile; fileRef = 0475C8882987B501002A2372 /* TabBarViewController.swift */; };
		0475C88D2987CF31002A2372 /* AccountView.swift in Sources */ = {isa = PBXBuildFile; fileRef = 0475C88C2987CF31002A2372 /* AccountView.swift */; };
		0475C88F2987CF65002A2372 /* AccountViewController.swift in Sources */ = {isa = PBXBuildFile; fileRef = 0475C88E2987CF65002A2372 /* AccountViewController.swift */; };
		0475C8912987CFC4002A2372 /* AccountViewModel.swift in Sources */ = {isa = PBXBuildFile; fileRef = 0475C8902987CFC4002A2372 /* AccountViewModel.swift */; };
		0475C8932987D07E002A2372 /* SettingsView.swift in Sources */ = {isa = PBXBuildFile; fileRef = 0475C8922987D07E002A2372 /* SettingsView.swift */; };
		0475C8952987D0B2002A2372 /* SettingsViewController.swift in Sources */ = {isa = PBXBuildFile; fileRef = 0475C8942987D0B2002A2372 /* SettingsViewController.swift */; };
		0475C8972987D0E2002A2372 /* SettingsViewModel.swift in Sources */ = {isa = PBXBuildFile; fileRef = 0475C8962987D0E2002A2372 /* SettingsViewModel.swift */; };
		047751F02978064200AB8E87 /* MenuView.swift in Sources */ = {isa = PBXBuildFile; fileRef = 047751EF2978064100AB8E87 /* MenuView.swift */; };
		047751F829784D2000AB8E87 /* HeroCollectionViewCell.swift in Sources */ = {isa = PBXBuildFile; fileRef = 047751F629784D2000AB8E87 /* HeroCollectionViewCell.swift */; };
		047751F929784D2000AB8E87 /* HeroCollectionViewCell.xib in Resources */ = {isa = PBXBuildFile; fileRef = 047751F729784D2000AB8E87 /* HeroCollectionViewCell.xib */; };
		047FC0C4295C85FE00CCD036 /* HomeData.swift in Sources */ = {isa = PBXBuildFile; fileRef = 047FC0C3295C85FD00CCD036 /* HomeData.swift */; };
		047FC0C6295CC13C00CCD036 /* AppData.swift in Sources */ = {isa = PBXBuildFile; fileRef = 047FC0C5295CC13B00CCD036 /* AppData.swift */; };
		0484FEF4297A59D80028001D /* CarousalCollectionViewCell.swift in Sources */ = {isa = PBXBuildFile; fileRef = 0484FEF2297A59D80028001D /* CarousalCollectionViewCell.swift */; };
		0484FEF5297A59D80028001D /* CarousalCollectionViewCell.xib in Resources */ = {isa = PBXBuildFile; fileRef = 0484FEF3297A59D80028001D /* CarousalCollectionViewCell.xib */; };
		048B1944295564310095FF02 /* ProfileselectionView.swift in Sources */ = {isa = PBXBuildFile; fileRef = 048B1943295564310095FF02 /* ProfileselectionView.swift */; };
		048B19462955647D0095FF02 /* ProfileSelectionViewController.swift in Sources */ = {isa = PBXBuildFile; fileRef = 048B19452955647D0095FF02 /* ProfileSelectionViewController.swift */; };
		048B194A295564FA0095FF02 /* ProfileSelectionViewModel.swift in Sources */ = {isa = PBXBuildFile; fileRef = 048B1949295564F90095FF02 /* ProfileSelectionViewModel.swift */; };
		048B194C29559CEC0095FF02 /* User.swift in Sources */ = {isa = PBXBuildFile; fileRef = 048B194B29559CEC0095FF02 /* User.swift */; };
		048B19502955EC080095FF02 /* ProfilesCollectionViewCell.swift in Sources */ = {isa = PBXBuildFile; fileRef = 048B194E2955EC080095FF02 /* ProfilesCollectionViewCell.swift */; };
		048B19512955EC080095FF02 /* ProfilesCollectionViewCell.xib in Resources */ = {isa = PBXBuildFile; fileRef = 048B194F2955EC080095FF02 /* ProfilesCollectionViewCell.xib */; };
		04C1D511298F9C7700B13192 /* SettingTableViewCell.swift in Sources */ = {isa = PBXBuildFile; fileRef = 04C1D50F298F9C7600B13192 /* SettingTableViewCell.swift */; };
		04C1D512298F9C7700B13192 /* SettingTableViewCell.xib in Resources */ = {isa = PBXBuildFile; fileRef = 04C1D510298F9C7600B13192 /* SettingTableViewCell.xib */; };
		04C99E8C295097F900FA4FFA /* BaseViewController.swift in Sources */ = {isa = PBXBuildFile; fileRef = 04C99E8B295097F900FA4FFA /* BaseViewController.swift */; };
		04CFF31A298E60CD00DD5251 /* AccountTableViewCell.swift in Sources */ = {isa = PBXBuildFile; fileRef = 04CFF318298E60CD00DD5251 /* AccountTableViewCell.swift */; };
		04CFF31B298E60CD00DD5251 /* AccountTableViewCell.xib in Resources */ = {isa = PBXBuildFile; fileRef = 04CFF319298E60CD00DD5251 /* AccountTableViewCell.xib */; };
		04D0F4A8294710A60015D482 /* Onbording.storyboard in Resources */ = {isa = PBXBuildFile; fileRef = 04D0F4A7294710A60015D482 /* Onbording.storyboard */; };
		04D0F4AB29471BC10015D482 /* RegisterViewController.swift in Sources */ = {isa = PBXBuildFile; fileRef = 04D0F4AA29471BC10015D482 /* RegisterViewController.swift */; };
		04D0F4AF29471C100015D482 /* RegisterViewModel.swift in Sources */ = {isa = PBXBuildFile; fileRef = 04D0F4AE29471C100015D482 /* RegisterViewModel.swift */; };
		04D0F4B129471C6A0015D482 /* RegisterView.swift in Sources */ = {isa = PBXBuildFile; fileRef = 04D0F4B029471C6A0015D482 /* RegisterView.swift */; };
		04DA1D2329437F3D002F988A /* AppDelegate.swift in Sources */ = {isa = PBXBuildFile; fileRef = 04DA1D2229437F3D002F988A /* AppDelegate.swift */; };
		04DA1D2529437F3D002F988A /* SceneDelegate.swift in Sources */ = {isa = PBXBuildFile; fileRef = 04DA1D2429437F3D002F988A /* SceneDelegate.swift */; };
		04DA1D2A29437F3D002F988A /* Main.storyboard in Resources */ = {isa = PBXBuildFile; fileRef = 04DA1D2829437F3D002F988A /* Main.storyboard */; };
		04DA1D2C29437F4F002F988A /* Assets.xcassets in Resources */ = {isa = PBXBuildFile; fileRef = 04DA1D2B29437F4F002F988A /* Assets.xcassets */; };
		04DA1D2F29437F4F002F988A /* LaunchScreen.storyboard in Resources */ = {isa = PBXBuildFile; fileRef = 04DA1D2D29437F4F002F988A /* LaunchScreen.storyboard */; };
		04DA1D37294380A9002F988A /* Font.swift in Sources */ = {isa = PBXBuildFile; fileRef = 04DA1D36294380A9002F988A /* Font.swift */; };
		04DA1D39294380D2002F988A /* Images.swift in Sources */ = {isa = PBXBuildFile; fileRef = 04DA1D38294380D2002F988A /* Images.swift */; };
		04DA1D3B294380E3002F988A /* Colors.swift in Sources */ = {isa = PBXBuildFile; fileRef = 04DA1D3A294380E3002F988A /* Colors.swift */; };
		04DA1D3D29438107002F988A /* Strings.swift in Sources */ = {isa = PBXBuildFile; fileRef = 04DA1D3C29438107002F988A /* Strings.swift */; };
		04DA1D3F29438143002F988A /* WelcomeViewController.swift in Sources */ = {isa = PBXBuildFile; fileRef = 04DA1D3E29438143002F988A /* WelcomeViewController.swift */; };
		04DA1D41294381B4002F988A /* WelcomeView.swift in Sources */ = {isa = PBXBuildFile; fileRef = 04DA1D40294381B4002F988A /* WelcomeView.swift */; };
		04DC9B1529518A6B000FEBD3 /* CreateProfileView.swift in Sources */ = {isa = PBXBuildFile; fileRef = 04DC9B1429518A6B000FEBD3 /* CreateProfileView.swift */; };
		04DC9B1729518AA0000FEBD3 /* CreateProfileViewController.swift in Sources */ = {isa = PBXBuildFile; fileRef = 04DC9B1629518A9F000FEBD3 /* CreateProfileViewController.swift */; };
		04DC9B1929518ACF000FEBD3 /* CreateProfileViewModel.swift in Sources */ = {isa = PBXBuildFile; fileRef = 04DC9B1829518ACF000FEBD3 /* CreateProfileViewModel.swift */; };
		04DC9B1D2951E807000FEBD3 /* ProfileImageViewController.swift in Sources */ = {isa = PBXBuildFile; fileRef = 04DC9B1C2951E807000FEBD3 /* ProfileImageViewController.swift */; };
		04DC9B1F2951E846000FEBD3 /* ProfileImageViewModel.swift in Sources */ = {isa = PBXBuildFile; fileRef = 04DC9B1E2951E846000FEBD3 /* ProfileImageViewModel.swift */; };
		04DC9B232951E936000FEBD3 /* ProfileImageView.swift in Sources */ = {isa = PBXBuildFile; fileRef = 04DC9B222951E936000FEBD3 /* ProfileImageView.swift */; };
		04DC9B282951EAEE000FEBD3 /* ImageCollectionViewCell.swift in Sources */ = {isa = PBXBuildFile; fileRef = 04DC9B262951EAEE000FEBD3 /* ImageCollectionViewCell.swift */; };
		04DC9B292951EAEE000FEBD3 /* ImageCollectionViewCell.xib in Resources */ = {isa = PBXBuildFile; fileRef = 04DC9B272951EAEE000FEBD3 /* ImageCollectionViewCell.xib */; };
		04E835F4298112B200038B96 /* Others.storyboard in Resources */ = {isa = PBXBuildFile; fileRef = 04E835F3298112B200038B96 /* Others.storyboard */; };
		04E835F7298113F900038B96 /* CategoriesViewController.swift in Sources */ = {isa = PBXBuildFile; fileRef = 04E835F6298113F900038B96 /* CategoriesViewController.swift */; };
		04E835F92981144700038B96 /* CategoriesView.swift in Sources */ = {isa = PBXBuildFile; fileRef = 04E835F82981144700038B96 /* CategoriesView.swift */; };
		04E835FB2981148600038B96 /* CategoriesViewModel.swift in Sources */ = {isa = PBXBuildFile; fileRef = 04E835FA2981148600038B96 /* CategoriesViewModel.swift */; };
		04E8360129816D7F00038B96 /* SubCategorieTableViewCell.swift in Sources */ = {isa = PBXBuildFile; fileRef = 04E835FF29816D7F00038B96 /* SubCategorieTableViewCell.swift */; };
		04E8360229816D7F00038B96 /* SubCategorieTableViewCell.xib in Resources */ = {isa = PBXBuildFile; fileRef = 04E8360029816D7F00038B96 /* SubCategorieTableViewCell.xib */; };
		6F2D2D54E3F2E92EE11CA2C7 /* Pods_NetflixApp.framework in Frameworks */ = {isa = PBXBuildFile; fileRef = DDEDB4723C57BA00A300C718 /* Pods_NetflixApp.framework */; };
/* End PBXBuildFile section */

/* Begin PBXFileReference section */
		044D313C2968550C00AAF2CE /* Extension+UIImage.swift */ = {isa = PBXFileReference; lastKnownFileType = sourcecode.swift; path = "Extension+UIImage.swift"; sourceTree = "<group>"; };
		045FE78C2992010800D9271F /* DetailheroCollectionViewCell.swift */ = {isa = PBXFileReference; lastKnownFileType = sourcecode.swift; path = DetailheroCollectionViewCell.swift; sourceTree = "<group>"; };
		045FE78D2992010800D9271F /* DetailheroCollectionViewCell.xib */ = {isa = PBXFileReference; lastKnownFileType = file.xib; path = DetailheroCollectionViewCell.xib; sourceTree = "<group>"; };
		04603666296DA3D400C6639B /* TabBar.storyboard */ = {isa = PBXFileReference; lastKnownFileType = file.storyboard; path = TabBar.storyboard; sourceTree = "<group>"; };
		04603669296DA46E00C6639B /* HomeViewModel.swift */ = {isa = PBXFileReference; lastKnownFileType = sourcecode.swift; path = HomeViewModel.swift; sourceTree = "<group>"; };
		0460366B296DA4C800C6639B /* HomeView.swift */ = {isa = PBXFileReference; lastKnownFileType = sourcecode.swift; path = HomeView.swift; sourceTree = "<group>"; };
		0460366D296DA57E00C6639B /* HomeViewController.swift */ = {isa = PBXFileReference; lastKnownFileType = sourcecode.swift; path = HomeViewController.swift; sourceTree = "<group>"; };
		04603671296DC59F00C6639B /* Loader.swift */ = {isa = PBXFileReference; lastKnownFileType = sourcecode.swift; path = Loader.swift; sourceTree = "<group>"; };
		04627E702956CA70008AAD7C /* SplashViewController.swift */ = {isa = PBXFileReference; lastKnownFileType = sourcecode.swift; path = SplashViewController.swift; sourceTree = "<group>"; };
		04627E722956CA95008AAD7C /* SplashView.swift */ = {isa = PBXFileReference; lastKnownFileType = sourcecode.swift; path = SplashView.swift; sourceTree = "<group>"; };
		04627E742956CABD008AAD7C /* SplashViewModel.swift */ = {isa = PBXFileReference; lastKnownFileType = sourcecode.swift; path = SplashViewModel.swift; sourceTree = "<group>"; };
		04627E782956CD99008AAD7C /* netflixGif.gif */ = {isa = PBXFileReference; lastKnownFileType = image.gif; path = netflixGif.gif; sourceTree = "<group>"; };
		04627E7A2957006D008AAD7C /* Constants.swift */ = {isa = PBXFileReference; lastKnownFileType = sourcecode.swift; path = Constants.swift; sourceTree = "<group>"; };
		0462DACC298925DC009C302F /* SearchViewTableViewCell.swift */ = {isa = PBXFileReference; lastKnownFileType = sourcecode.swift; path = SearchViewTableViewCell.swift; sourceTree = "<group>"; };
		0462DACD298925DC009C302F /* SearchViewTableViewCell.xib */ = {isa = PBXFileReference; lastKnownFileType = file.xib; path = SearchViewTableViewCell.xib; sourceTree = "<group>"; };
		0462F4382944A15A00D013AD /* UIView + Extension.swift */ = {isa = PBXFileReference; lastKnownFileType = sourcecode.swift; path = "UIView + Extension.swift"; sourceTree = "<group>"; };
		04639A57294AECA20086BD9F /* LoginViewController.swift */ = {isa = PBXFileReference; lastKnownFileType = sourcecode.swift; path = LoginViewController.swift; sourceTree = "<group>"; };
		04639A59294AECE80086BD9F /* LoginViewModel.swift */ = {isa = PBXFileReference; lastKnownFileType = sourcecode.swift; path = LoginViewModel.swift; sourceTree = "<group>"; };
		04639A5B294AED250086BD9F /* LoginView.swift */ = {isa = PBXFileReference; lastKnownFileType = sourcecode.swift; path = LoginView.swift; sourceTree = "<group>"; };
		04639A5D294AF2C50086BD9F /* LoginModel.swift */ = {isa = PBXFileReference; lastKnownFileType = sourcecode.swift; path = LoginModel.swift; sourceTree = "<group>"; };
		046541562997AFC500B06343 /* DetailsHeaderCollectionReusableView.swift */ = {isa = PBXFileReference; lastKnownFileType = sourcecode.swift; path = DetailsHeaderCollectionReusableView.swift; sourceTree = "<group>"; };
		046541572997AFC500B06343 /* DetailsHeaderCollectionReusableView.xib */ = {isa = PBXFileReference; lastKnownFileType = file.xib; path = DetailsHeaderCollectionReusableView.xib; sourceTree = "<group>"; };
		046EDE442990CC09009E9F65 /* HeaderTableViewCell.swift */ = {isa = PBXFileReference; lastKnownFileType = sourcecode.swift; path = HeaderTableViewCell.swift; sourceTree = "<group>"; };
		046EDE452990CC09009E9F65 /* HeaderTableViewCell.xib */ = {isa = PBXFileReference; lastKnownFileType = file.xib; path = HeaderTableViewCell.xib; sourceTree = "<group>"; };
		046EDE4D29910D39009E9F65 /* DetailsViewController.swift */ = {isa = PBXFileReference; lastKnownFileType = sourcecode.swift; path = DetailsViewController.swift; sourceTree = "<group>"; };
		046EDE4F29910D70009E9F65 /* DetailsView.swift */ = {isa = PBXFileReference; lastKnownFileType = sourcecode.swift; path = DetailsView.swift; sourceTree = "<group>"; };
		046EDE5329910DD8009E9F65 /* DetailsViewModel.swift */ = {isa = PBXFileReference; lastKnownFileType = sourcecode.swift; path = DetailsViewModel.swift; sourceTree = "<group>"; };
		04708A152984E4D7007AA87C /* CategoryDataModel.swift */ = {isa = PBXFileReference; lastKnownFileType = sourcecode.swift; path = CategoryDataModel.swift; sourceTree = "<group>"; };
		0470942E294C597A00D990E4 /* NetworkAdaptor.swift */ = {isa = PBXFileReference; lastKnownFileType = sourcecode.swift; path = NetworkAdaptor.swift; sourceTree = "<group>"; };
		04709431294CA3F600D990E4 /* Urlhandler.swift */ = {isa = PBXFileReference; lastKnownFileType = sourcecode.swift; path = Urlhandler.swift; sourceTree = "<group>"; };
		04709433294CA8E600D990E4 /* Controller.swift */ = {isa = PBXFileReference; lastKnownFileType = sourcecode.swift; path = Controller.swift; sourceTree = "<group>"; };
		04709438294D007200D990E4 /* ForgotPasswordViewController.swift */ = {isa = PBXFileReference; lastKnownFileType = sourcecode.swift; path = ForgotPasswordViewController.swift; sourceTree = "<group>"; };
		0470943A294D009B00D990E4 /* ForgotPasswordView.swift */ = {isa = PBXFileReference; lastKnownFileType = sourcecode.swift; path = ForgotPasswordView.swift; sourceTree = "<group>"; };
		0470943C294D00F500D990E4 /* ForgotPasswordViewModel.swift */ = {isa = PBXFileReference; lastKnownFileType = sourcecode.swift; path = ForgotPasswordViewModel.swift; sourceTree = "<group>"; };
		0470943E294D01A700D990E4 /* ResetPasswordView.swift */ = {isa = PBXFileReference; lastKnownFileType = sourcecode.swift; path = ResetPasswordView.swift; sourceTree = "<group>"; };
		04709440294D01E300D990E4 /* ResetPasswordViewController.swift */ = {isa = PBXFileReference; lastKnownFileType = sourcecode.swift; path = ResetPasswordViewController.swift; sourceTree = "<group>"; };
		04709442294D028A00D990E4 /* ResetPasswordViewModel.swift */ = {isa = PBXFileReference; lastKnownFileType = sourcecode.swift; path = ResetPasswordViewModel.swift; sourceTree = "<group>"; };
		047342AC29961B5900621B73 /* MoviesModel.swift */ = {isa = PBXFileReference; fileEncoding = 4; lastKnownFileType = sourcecode.swift; path = MoviesModel.swift; sourceTree = "<group>"; };
		047342AD29961B5A00621B73 /* SeriesData.swift */ = {isa = PBXFileReference; fileEncoding = 4; lastKnownFileType = sourcecode.swift; path = SeriesData.swift; sourceTree = "<group>"; };
		0473872F29992ACD00A4E540 /* EpisodeCollectionViewCell.swift */ = {isa = PBXFileReference; lastKnownFileType = sourcecode.swift; path = EpisodeCollectionViewCell.swift; sourceTree = "<group>"; };
		0473873029992ACD00A4E540 /* EpisodeCollectionViewCell.xib */ = {isa = PBXFileReference; lastKnownFileType = file.xib; path = EpisodeCollectionViewCell.xib; sourceTree = "<group>"; };
		0475C8812987970B002A2372 /* SearchViewController.swift */ = {isa = PBXFileReference; lastKnownFileType = sourcecode.swift; path = SearchViewController.swift; sourceTree = "<group>"; };
		0475C88329879769002A2372 /* SearchView.swift */ = {isa = PBXFileReference; lastKnownFileType = sourcecode.swift; path = SearchView.swift; sourceTree = "<group>"; };
		0475C885298797AD002A2372 /* SearchViewModel.swift */ = {isa = PBXFileReference; lastKnownFileType = sourcecode.swift; path = SearchViewModel.swift; sourceTree = "<group>"; };
		0475C8882987B501002A2372 /* TabBarViewController.swift */ = {isa = PBXFileReference; lastKnownFileType = sourcecode.swift; path = TabBarViewController.swift; sourceTree = "<group>"; };
		0475C88C2987CF31002A2372 /* AccountView.swift */ = {isa = PBXFileReference; lastKnownFileType = sourcecode.swift; path = AccountView.swift; sourceTree = "<group>"; };
		0475C88E2987CF65002A2372 /* AccountViewController.swift */ = {isa = PBXFileReference; lastKnownFileType = sourcecode.swift; path = AccountViewController.swift; sourceTree = "<group>"; };
		0475C8902987CFC4002A2372 /* AccountViewModel.swift */ = {isa = PBXFileReference; lastKnownFileType = sourcecode.swift; path = AccountViewModel.swift; sourceTree = "<group>"; };
		0475C8922987D07E002A2372 /* SettingsView.swift */ = {isa = PBXFileReference; lastKnownFileType = sourcecode.swift; path = SettingsView.swift; sourceTree = "<group>"; };
		0475C8942987D0B2002A2372 /* SettingsViewController.swift */ = {isa = PBXFileReference; lastKnownFileType = sourcecode.swift; path = SettingsViewController.swift; sourceTree = "<group>"; };
		0475C8962987D0E2002A2372 /* SettingsViewModel.swift */ = {isa = PBXFileReference; lastKnownFileType = sourcecode.swift; path = SettingsViewModel.swift; sourceTree = "<group>"; };
		047751EF2978064100AB8E87 /* MenuView.swift */ = {isa = PBXFileReference; fileEncoding = 4; lastKnownFileType = sourcecode.swift; path = MenuView.swift; sourceTree = "<group>"; };
		047751F629784D2000AB8E87 /* HeroCollectionViewCell.swift */ = {isa = PBXFileReference; lastKnownFileType = sourcecode.swift; path = HeroCollectionViewCell.swift; sourceTree = "<group>"; };
		047751F729784D2000AB8E87 /* HeroCollectionViewCell.xib */ = {isa = PBXFileReference; lastKnownFileType = file.xib; path = HeroCollectionViewCell.xib; sourceTree = "<group>"; };
		047FC0C3295C85FD00CCD036 /* HomeData.swift */ = {isa = PBXFileReference; lastKnownFileType = sourcecode.swift; path = HomeData.swift; sourceTree = "<group>"; };
		047FC0C5295CC13B00CCD036 /* AppData.swift */ = {isa = PBXFileReference; lastKnownFileType = sourcecode.swift; path = AppData.swift; sourceTree = "<group>"; };
		0484FEF2297A59D80028001D /* CarousalCollectionViewCell.swift */ = {isa = PBXFileReference; lastKnownFileType = sourcecode.swift; path = CarousalCollectionViewCell.swift; sourceTree = "<group>"; };
		0484FEF3297A59D80028001D /* CarousalCollectionViewCell.xib */ = {isa = PBXFileReference; lastKnownFileType = file.xib; path = CarousalCollectionViewCell.xib; sourceTree = "<group>"; };
		048B1943295564310095FF02 /* ProfileselectionView.swift */ = {isa = PBXFileReference; lastKnownFileType = sourcecode.swift; path = ProfileselectionView.swift; sourceTree = "<group>"; };
		048B19452955647D0095FF02 /* ProfileSelectionViewController.swift */ = {isa = PBXFileReference; lastKnownFileType = sourcecode.swift; path = ProfileSelectionViewController.swift; sourceTree = "<group>"; };
		048B1949295564F90095FF02 /* ProfileSelectionViewModel.swift */ = {isa = PBXFileReference; lastKnownFileType = sourcecode.swift; path = ProfileSelectionViewModel.swift; sourceTree = "<group>"; };
		048B194B29559CEC0095FF02 /* User.swift */ = {isa = PBXFileReference; lastKnownFileType = sourcecode.swift; path = User.swift; sourceTree = "<group>"; };
		048B194E2955EC080095FF02 /* ProfilesCollectionViewCell.swift */ = {isa = PBXFileReference; lastKnownFileType = sourcecode.swift; path = ProfilesCollectionViewCell.swift; sourceTree = "<group>"; };
		048B194F2955EC080095FF02 /* ProfilesCollectionViewCell.xib */ = {isa = PBXFileReference; lastKnownFileType = file.xib; path = ProfilesCollectionViewCell.xib; sourceTree = "<group>"; };
		04C1D50F298F9C7600B13192 /* SettingTableViewCell.swift */ = {isa = PBXFileReference; lastKnownFileType = sourcecode.swift; path = SettingTableViewCell.swift; sourceTree = "<group>"; };
		04C1D510298F9C7600B13192 /* SettingTableViewCell.xib */ = {isa = PBXFileReference; lastKnownFileType = file.xib; path = SettingTableViewCell.xib; sourceTree = "<group>"; };
		04C99E8B295097F900FA4FFA /* BaseViewController.swift */ = {isa = PBXFileReference; lastKnownFileType = sourcecode.swift; path = BaseViewController.swift; sourceTree = "<group>"; };
		04CFF318298E60CD00DD5251 /* AccountTableViewCell.swift */ = {isa = PBXFileReference; lastKnownFileType = sourcecode.swift; path = AccountTableViewCell.swift; sourceTree = "<group>"; };
		04CFF319298E60CD00DD5251 /* AccountTableViewCell.xib */ = {isa = PBXFileReference; lastKnownFileType = file.xib; path = AccountTableViewCell.xib; sourceTree = "<group>"; };
		04D0F4A7294710A60015D482 /* Onbording.storyboard */ = {isa = PBXFileReference; lastKnownFileType = file.storyboard; path = Onbording.storyboard; sourceTree = "<group>"; };
		04D0F4AA29471BC10015D482 /* RegisterViewController.swift */ = {isa = PBXFileReference; lastKnownFileType = sourcecode.swift; path = RegisterViewController.swift; sourceTree = "<group>"; };
		04D0F4AE29471C100015D482 /* RegisterViewModel.swift */ = {isa = PBXFileReference; lastKnownFileType = sourcecode.swift; path = RegisterViewModel.swift; sourceTree = "<group>"; };
		04D0F4B029471C6A0015D482 /* RegisterView.swift */ = {isa = PBXFileReference; lastKnownFileType = sourcecode.swift; path = RegisterView.swift; sourceTree = "<group>"; };
		04DA1D1F29437F3C002F988A /* NetflixApp.app */ = {isa = PBXFileReference; explicitFileType = wrapper.application; includeInIndex = 0; path = NetflixApp.app; sourceTree = BUILT_PRODUCTS_DIR; };
		04DA1D2229437F3D002F988A /* AppDelegate.swift */ = {isa = PBXFileReference; lastKnownFileType = sourcecode.swift; path = AppDelegate.swift; sourceTree = "<group>"; };
		04DA1D2429437F3D002F988A /* SceneDelegate.swift */ = {isa = PBXFileReference; lastKnownFileType = sourcecode.swift; path = SceneDelegate.swift; sourceTree = "<group>"; };
		04DA1D2929437F3D002F988A /* Base */ = {isa = PBXFileReference; lastKnownFileType = file.storyboard; name = Base; path = Base.lproj/Main.storyboard; sourceTree = "<group>"; };
		04DA1D2B29437F4F002F988A /* Assets.xcassets */ = {isa = PBXFileReference; lastKnownFileType = folder.assetcatalog; path = Assets.xcassets; sourceTree = "<group>"; };
		04DA1D2E29437F4F002F988A /* Base */ = {isa = PBXFileReference; lastKnownFileType = file.storyboard; name = Base; path = Base.lproj/LaunchScreen.storyboard; sourceTree = "<group>"; };
		04DA1D3029437F4F002F988A /* Info.plist */ = {isa = PBXFileReference; lastKnownFileType = text.plist.xml; path = Info.plist; sourceTree = "<group>"; };
		04DA1D36294380A9002F988A /* Font.swift */ = {isa = PBXFileReference; lastKnownFileType = sourcecode.swift; path = Font.swift; sourceTree = "<group>"; };
		04DA1D38294380D2002F988A /* Images.swift */ = {isa = PBXFileReference; lastKnownFileType = sourcecode.swift; path = Images.swift; sourceTree = "<group>"; };
		04DA1D3A294380E3002F988A /* Colors.swift */ = {isa = PBXFileReference; lastKnownFileType = sourcecode.swift; path = Colors.swift; sourceTree = "<group>"; };
		04DA1D3C29438107002F988A /* Strings.swift */ = {isa = PBXFileReference; lastKnownFileType = sourcecode.swift; path = Strings.swift; sourceTree = "<group>"; };
		04DA1D3E29438143002F988A /* WelcomeViewController.swift */ = {isa = PBXFileReference; lastKnownFileType = sourcecode.swift; path = WelcomeViewController.swift; sourceTree = "<group>"; };
		04DA1D40294381B4002F988A /* WelcomeView.swift */ = {isa = PBXFileReference; lastKnownFileType = sourcecode.swift; path = WelcomeView.swift; sourceTree = "<group>"; };
		04DC9B1429518A6B000FEBD3 /* CreateProfileView.swift */ = {isa = PBXFileReference; lastKnownFileType = sourcecode.swift; path = CreateProfileView.swift; sourceTree = "<group>"; };
		04DC9B1629518A9F000FEBD3 /* CreateProfileViewController.swift */ = {isa = PBXFileReference; lastKnownFileType = sourcecode.swift; path = CreateProfileViewController.swift; sourceTree = "<group>"; };
		04DC9B1829518ACF000FEBD3 /* CreateProfileViewModel.swift */ = {isa = PBXFileReference; lastKnownFileType = sourcecode.swift; path = CreateProfileViewModel.swift; sourceTree = "<group>"; };
		04DC9B1C2951E807000FEBD3 /* ProfileImageViewController.swift */ = {isa = PBXFileReference; lastKnownFileType = sourcecode.swift; path = ProfileImageViewController.swift; sourceTree = "<group>"; };
		04DC9B1E2951E846000FEBD3 /* ProfileImageViewModel.swift */ = {isa = PBXFileReference; lastKnownFileType = sourcecode.swift; path = ProfileImageViewModel.swift; sourceTree = "<group>"; };
		04DC9B222951E936000FEBD3 /* ProfileImageView.swift */ = {isa = PBXFileReference; lastKnownFileType = sourcecode.swift; path = ProfileImageView.swift; sourceTree = "<group>"; };
		04DC9B262951EAEE000FEBD3 /* ImageCollectionViewCell.swift */ = {isa = PBXFileReference; lastKnownFileType = sourcecode.swift; path = ImageCollectionViewCell.swift; sourceTree = "<group>"; };
		04DC9B272951EAEE000FEBD3 /* ImageCollectionViewCell.xib */ = {isa = PBXFileReference; lastKnownFileType = file.xib; path = ImageCollectionViewCell.xib; sourceTree = "<group>"; };
		04E835F3298112B200038B96 /* Others.storyboard */ = {isa = PBXFileReference; lastKnownFileType = file.storyboard; path = Others.storyboard; sourceTree = "<group>"; };
		04E835F6298113F900038B96 /* CategoriesViewController.swift */ = {isa = PBXFileReference; lastKnownFileType = sourcecode.swift; path = CategoriesViewController.swift; sourceTree = "<group>"; };
		04E835F82981144700038B96 /* CategoriesView.swift */ = {isa = PBXFileReference; lastKnownFileType = sourcecode.swift; path = CategoriesView.swift; sourceTree = "<group>"; };
		04E835FA2981148600038B96 /* CategoriesViewModel.swift */ = {isa = PBXFileReference; lastKnownFileType = sourcecode.swift; path = CategoriesViewModel.swift; sourceTree = "<group>"; };
		04E835FF29816D7F00038B96 /* SubCategorieTableViewCell.swift */ = {isa = PBXFileReference; lastKnownFileType = sourcecode.swift; path = SubCategorieTableViewCell.swift; sourceTree = "<group>"; };
		04E8360029816D7F00038B96 /* SubCategorieTableViewCell.xib */ = {isa = PBXFileReference; lastKnownFileType = file.xib; path = SubCategorieTableViewCell.xib; sourceTree = "<group>"; };
		A56374B6E47A6CB410F613E5 /* Pods-NetflixApp.release.xcconfig */ = {isa = PBXFileReference; includeInIndex = 1; lastKnownFileType = text.xcconfig; name = "Pods-NetflixApp.release.xcconfig"; path = "Target Support Files/Pods-NetflixApp/Pods-NetflixApp.release.xcconfig"; sourceTree = "<group>"; };
		C96E46B735BC01B1ABBAC1D8 /* Pods-NetflixApp.debug.xcconfig */ = {isa = PBXFileReference; includeInIndex = 1; lastKnownFileType = text.xcconfig; name = "Pods-NetflixApp.debug.xcconfig"; path = "Target Support Files/Pods-NetflixApp/Pods-NetflixApp.debug.xcconfig"; sourceTree = "<group>"; };
		DDEDB4723C57BA00A300C718 /* Pods_NetflixApp.framework */ = {isa = PBXFileReference; explicitFileType = wrapper.framework; includeInIndex = 0; path = Pods_NetflixApp.framework; sourceTree = BUILT_PRODUCTS_DIR; };
/* End PBXFileReference section */

/* Begin PBXFrameworksBuildPhase section */
		04DA1D1C29437F3C002F988A /* Frameworks */ = {
			isa = PBXFrameworksBuildPhase;
			buildActionMask = 2147483647;
			files = (
				6F2D2D54E3F2E92EE11CA2C7 /* Pods_NetflixApp.framework in Frameworks */,
			);
			runOnlyForDeploymentPostprocessing = 0;
		};
/* End PBXFrameworksBuildPhase section */

/* Begin PBXGroup section */
		044D313B2968538200AAF2CE /* Helper */ = {
			isa = PBXGroup;
			children = (
				0462F4382944A15A00D013AD /* UIView + Extension.swift */,
				044D313C2968550C00AAF2CE /* Extension+UIImage.swift */,
				0470942E294C597A00D990E4 /* NetworkAdaptor.swift */,
				04709431294CA3F600D990E4 /* Urlhandler.swift */,
				04709433294CA8E600D990E4 /* Controller.swift */,
				04DA1D36294380A9002F988A /* Font.swift */,
				04DA1D38294380D2002F988A /* Images.swift */,
				04DA1D3A294380E3002F988A /* Colors.swift */,
				04DA1D3C29438107002F988A /* Strings.swift */,
				048B194B29559CEC0095FF02 /* User.swift */,
				04627E7A2957006D008AAD7C /* Constants.swift */,
				047FC0C5295CC13B00CCD036 /* AppData.swift */,
			);
			path = Helper;
			sourceTree = "<group>";
		};
		045FE78B2992009200D9271F /* DetailsHero */ = {
			isa = PBXGroup;
			children = (
				045FE78C2992010800D9271F /* DetailheroCollectionViewCell.swift */,
				045FE78D2992010800D9271F /* DetailheroCollectionViewCell.xib */,
			);
			path = DetailsHero;
			sourceTree = "<group>";
		};
		04603668296DA3FE00C6639B /* Home */ = {
			isa = PBXGroup;
			children = (
				0460366B296DA4C800C6639B /* HomeView.swift */,
				0460366D296DA57E00C6639B /* HomeViewController.swift */,
				04603669296DA46E00C6639B /* HomeViewModel.swift */,
			);
			path = Home;
			sourceTree = "<group>";
		};
		04603670296DC50E00C6639B /* Views */ = {
			isa = PBXGroup;
			children = (
				047751EF2978064100AB8E87 /* MenuView.swift */,
				04603671296DC59F00C6639B /* Loader.swift */,
			);
			path = Views;
			sourceTree = "<group>";
		};
		04627E6F2956CA13008AAD7C /* SplashScreen */ = {
			isa = PBXGroup;
			children = (
				04627E722956CA95008AAD7C /* SplashView.swift */,
				04627E702956CA70008AAD7C /* SplashViewController.swift */,
				04627E742956CABD008AAD7C /* SplashViewModel.swift */,
			);
			path = SplashScreen;
			sourceTree = "<group>";
		};
		04627E7C29570515008AAD7C /* Welcome screen */ = {
			isa = PBXGroup;
			children = (
				04DA1D40294381B4002F988A /* WelcomeView.swift */,
				04DA1D3E29438143002F988A /* WelcomeViewController.swift */,
			);
			path = "Welcome screen";
			sourceTree = "<group>";
		};
		0462DACA29892463009C302F /* SubCategories */ = {
			isa = PBXGroup;
			children = (
				04E835FF29816D7F00038B96 /* SubCategorieTableViewCell.swift */,
				04E8360029816D7F00038B96 /* SubCategorieTableViewCell.xib */,
			);
			path = SubCategories;
			sourceTree = "<group>";
		};
		0462DACB298924A5009C302F /* SearchCell */ = {
			isa = PBXGroup;
			children = (
				0462DACC298925DC009C302F /* SearchViewTableViewCell.swift */,
				0462DACD298925DC009C302F /* SearchViewTableViewCell.xib */,
			);
			path = SearchCell;
			sourceTree = "<group>";
		};
		04639A56294AEC4E0086BD9F /* Login */ = {
			isa = PBXGroup;
			children = (
				04639A57294AECA20086BD9F /* LoginViewController.swift */,
				04639A5B294AED250086BD9F /* LoginView.swift */,
				04639A59294AECE80086BD9F /* LoginViewModel.swift */,
				04639A5D294AF2C50086BD9F /* LoginModel.swift */,
			);
			path = Login;
			sourceTree = "<group>";
		};
		046541552997AF2000B06343 /* DetailHeader */ = {
			isa = PBXGroup;
			children = (
				046541562997AFC500B06343 /* DetailsHeaderCollectionReusableView.swift */,
				046541572997AFC500B06343 /* DetailsHeaderCollectionReusableView.xib */,
			);
			path = DetailHeader;
			sourceTree = "<group>";
		};
		046EDE432990CBC5009E9F65 /* HeaderLabel */ = {
			isa = PBXGroup;
			children = (
				046EDE442990CC09009E9F65 /* HeaderTableViewCell.swift */,
				046EDE452990CC09009E9F65 /* HeaderTableViewCell.xib */,
			);
			path = HeaderLabel;
			sourceTree = "<group>";
		};
		046EDE4829910C66009E9F65 /* Details */ = {
			isa = PBXGroup;
			children = (
				046EDE4F29910D70009E9F65 /* DetailsView.swift */,
				046EDE4D29910D39009E9F65 /* DetailsViewController.swift */,
				046EDE5329910DD8009E9F65 /* DetailsViewModel.swift */,
			);
			path = Details;
			sourceTree = "<group>";
		};
		04709435294CFF4400D990E4 /* Register */ = {
			isa = PBXGroup;
			children = (
				04D0F4B029471C6A0015D482 /* RegisterView.swift */,
				04D0F4AA29471BC10015D482 /* RegisterViewController.swift */,
				04D0F4AE29471C100015D482 /* RegisterViewModel.swift */,
			);
			path = Register;
			sourceTree = "<group>";
		};
		04709436294CFFAA00D990E4 /* ForgotPassword */ = {
			isa = PBXGroup;
			children = (
				0470943A294D009B00D990E4 /* ForgotPasswordView.swift */,
				04709438294D007200D990E4 /* ForgotPasswordViewController.swift */,
				0470943C294D00F500D990E4 /* ForgotPasswordViewModel.swift */,
			);
			path = ForgotPassword;
			sourceTree = "<group>";
		};
		04709437294CFFC300D990E4 /* ResetPassword */ = {
			isa = PBXGroup;
			children = (
				0470943E294D01A700D990E4 /* ResetPasswordView.swift */,
				04709442294D028A00D990E4 /* ResetPasswordViewModel.swift */,
				04709440294D01E300D990E4 /* ResetPasswordViewController.swift */,
			);
			path = ResetPassword;
			sourceTree = "<group>";
		};
		047342AB29961AAE00621B73 /* Model */ = {
			isa = PBXGroup;
			children = (
				047FC0C3295C85FD00CCD036 /* HomeData.swift */,
				04708A152984E4D7007AA87C /* CategoryDataModel.swift */,
				047342AC29961B5900621B73 /* MoviesModel.swift */,
				047342AD29961B5A00621B73 /* SeriesData.swift */,
			);
			path = Model;
			sourceTree = "<group>";
		};
		0473872E29992A4D00A4E540 /* Episodes */ = {
			isa = PBXGroup;
			children = (
				0473872F29992ACD00A4E540 /* EpisodeCollectionViewCell.swift */,
				0473873029992ACD00A4E540 /* EpisodeCollectionViewCell.xib */,
			);
			path = Episodes;
			sourceTree = "<group>";
		};
		0475C8802987968D002A2372 /* Search Screen */ = {
			isa = PBXGroup;
			children = (
				0475C8812987970B002A2372 /* SearchViewController.swift */,
				0475C88329879769002A2372 /* SearchView.swift */,
				0475C885298797AD002A2372 /* SearchViewModel.swift */,
			);
			path = "Search Screen";
			sourceTree = "<group>";
		};
		0475C8872987B48F002A2372 /* TabBar */ = {
			isa = PBXGroup;
			children = (
				0475C8882987B501002A2372 /* TabBarViewController.swift */,
				0475C88B2987CE4B002A2372 /* SettingsScreen */,
				0475C88A2987CDFE002A2372 /* AccountScreen */,
				0475C8802987968D002A2372 /* Search Screen */,
			);
			path = TabBar;
			sourceTree = "<group>";
		};
		0475C88A2987CDFE002A2372 /* AccountScreen */ = {
			isa = PBXGroup;
			children = (
				0475C88C2987CF31002A2372 /* AccountView.swift */,
				0475C88E2987CF65002A2372 /* AccountViewController.swift */,
				0475C8902987CFC4002A2372 /* AccountViewModel.swift */,
			);
			path = AccountScreen;
			sourceTree = "<group>";
		};
		0475C88B2987CE4B002A2372 /* SettingsScreen */ = {
			isa = PBXGroup;
			children = (
				0475C8922987D07E002A2372 /* SettingsView.swift */,
				0475C8942987D0B2002A2372 /* SettingsViewController.swift */,
				0475C8962987D0E2002A2372 /* SettingsViewModel.swift */,
			);
			path = SettingsScreen;
			sourceTree = "<group>";
		};
		047751F1297818B900AB8E87 /* Hero */ = {
			isa = PBXGroup;
			children = (
				047751F629784D2000AB8E87 /* HeroCollectionViewCell.swift */,
				047751F729784D2000AB8E87 /* HeroCollectionViewCell.xib */,
			);
			path = Hero;
			sourceTree = "<group>";
		};
		0484FEF1297A59A60028001D /* Carousal */ = {
			isa = PBXGroup;
			children = (
				0484FEF2297A59D80028001D /* CarousalCollectionViewCell.swift */,
				0484FEF3297A59D80028001D /* CarousalCollectionViewCell.xib */,
			);
			path = Carousal;
			sourceTree = "<group>";
		};
		048B194D2955EB9D0095FF02 /* Profiles */ = {
			isa = PBXGroup;
			children = (
				048B194E2955EC080095FF02 /* ProfilesCollectionViewCell.swift */,
				048B194F2955EC080095FF02 /* ProfilesCollectionViewCell.xib */,
			);
			path = Profiles;
			sourceTree = "<group>";
		};
		04902B582954784D000E139F /* Profileselection */ = {
			isa = PBXGroup;
			children = (
				048B1943295564310095FF02 /* ProfileselectionView.swift */,
				048B19452955647D0095FF02 /* ProfileSelectionViewController.swift */,
				048B1949295564F90095FF02 /* ProfileSelectionViewModel.swift */,
			);
			path = Profileselection;
			sourceTree = "<group>";
		};
		04C1D50E298F9BE100B13192 /* SettingsScreen */ = {
			isa = PBXGroup;
			children = (
				04C1D50F298F9C7600B13192 /* SettingTableViewCell.swift */,
				04C1D510298F9C7600B13192 /* SettingTableViewCell.xib */,
			);
			path = SettingsScreen;
			sourceTree = "<group>";
		};
		04C99E8A2950978D00FA4FFA /* BaseClasses */ = {
			isa = PBXGroup;
			children = (
				04C99E8B295097F900FA4FFA /* BaseViewController.swift */,
			);
			path = BaseClasses;
			sourceTree = "<group>";
		};
		04CFF313298E541C00DD5251 /* Accountscreen */ = {
			isa = PBXGroup;
			children = (
				04CFF318298E60CD00DD5251 /* AccountTableViewCell.swift */,
				04CFF319298E60CD00DD5251 /* AccountTableViewCell.xib */,
			);
			path = Accountscreen;
			sourceTree = "<group>";
		};
		04D0F4A929471B870015D482 /* Onbording */ = {
			isa = PBXGroup;
			children = (
				046EDE4829910C66009E9F65 /* Details */,
				04E835F5298113AC00038B96 /* Categories */,
				04603668296DA3FE00C6639B /* Home */,
				04627E7C29570515008AAD7C /* Welcome screen */,
				04627E6F2956CA13008AAD7C /* SplashScreen */,
				04902B582954784D000E139F /* Profileselection */,
				04DC9B1A2951E787000FEBD3 /* Profileimage */,
				04DC9B13295189D4000FEBD3 /* CreateProfile */,
				04709437294CFFC300D990E4 /* ResetPassword */,
				04709436294CFFAA00D990E4 /* ForgotPassword */,
				04709435294CFF4400D990E4 /* Register */,
				04639A56294AEC4E0086BD9F /* Login */,
			);
			path = Onbording;
			sourceTree = "<group>";
		};
		04DA1D1629437F3C002F988A = {
			isa = PBXGroup;
			children = (
				04DA1D2129437F3C002F988A /* NetflixApp */,
				04DA1D2029437F3C002F988A /* Products */,
				BF18B11FDA0DDFF9B0508089 /* Pods */,
				F4D20BFE142655663E6EEA3D /* Frameworks */,
			);
			sourceTree = "<group>";
		};
		04DA1D2029437F3C002F988A /* Products */ = {
			isa = PBXGroup;
			children = (
				04DA1D1F29437F3C002F988A /* NetflixApp.app */,
			);
			name = Products;
			sourceTree = "<group>";
		};
		04DA1D2129437F3C002F988A /* NetflixApp */ = {
			isa = PBXGroup;
			children = (
				04DA1D2229437F3D002F988A /* AppDelegate.swift */,
				04DA1D2429437F3D002F988A /* SceneDelegate.swift */,
				04DA1D2829437F3D002F988A /* Main.storyboard */,
				04D0F4A7294710A60015D482 /* Onbording.storyboard */,
				04E835F3298112B200038B96 /* Others.storyboard */,
				04603666296DA3D400C6639B /* TabBar.storyboard */,
				047342AB29961AAE00621B73 /* Model */,
				04603670296DC50E00C6639B /* Views */,
				044D313B2968538200AAF2CE /* Helper */,
				04DC9B1B2951E7A1000FEBD3 /* ImageCell */,
				04C99E8A2950978D00FA4FFA /* BaseClasses */,
				0475C8872987B48F002A2372 /* TabBar */,
				04D0F4A929471B870015D482 /* Onbording */,
				04DA1D2B29437F4F002F988A /* Assets.xcassets */,
				04627E782956CD99008AAD7C /* netflixGif.gif */,
				04DA1D2D29437F4F002F988A /* LaunchScreen.storyboard */,
				04DA1D3029437F4F002F988A /* Info.plist */,
			);
			path = NetflixApp;
			sourceTree = "<group>";
		};
		04DC9B13295189D4000FEBD3 /* CreateProfile */ = {
			isa = PBXGroup;
			children = (
				04DC9B1429518A6B000FEBD3 /* CreateProfileView.swift */,
				04DC9B1629518A9F000FEBD3 /* CreateProfileViewController.swift */,
				04DC9B1829518ACF000FEBD3 /* CreateProfileViewModel.swift */,
			);
			path = CreateProfile;
			sourceTree = "<group>";
		};
		04DC9B1A2951E787000FEBD3 /* Profileimage */ = {
			isa = PBXGroup;
			children = (
				04DC9B1C2951E807000FEBD3 /* ProfileImageViewController.swift */,
				04DC9B1E2951E846000FEBD3 /* ProfileImageViewModel.swift */,
				04DC9B222951E936000FEBD3 /* ProfileImageView.swift */,
			);
			path = Profileimage;
			sourceTree = "<group>";
		};
		04DC9B1B2951E7A1000FEBD3 /* ImageCell */ = {
			isa = PBXGroup;
			children = (
				04E835FE29816D2300038B96 /* TableviewCell */,
				04DC9B242951EA84000FEBD3 /* CollectionviewCell */,
			);
			path = ImageCell;
			sourceTree = "<group>";
		};
		04DC9B242951EA84000FEBD3 /* CollectionviewCell */ = {
			isa = PBXGroup;
			children = (
				0473872E29992A4D00A4E540 /* Episodes */,
				046541552997AF2000B06343 /* DetailHeader */,
				045FE78B2992009200D9271F /* DetailsHero */,
				0484FEF1297A59A60028001D /* Carousal */,
				047751F1297818B900AB8E87 /* Hero */,
				048B194D2955EB9D0095FF02 /* Profiles */,
				04DC9B2A2951EB05000FEBD3 /* image */,
			);
			path = CollectionviewCell;
			sourceTree = "<group>";
		};
		04DC9B2A2951EB05000FEBD3 /* image */ = {
			isa = PBXGroup;
			children = (
				04DC9B262951EAEE000FEBD3 /* ImageCollectionViewCell.swift */,
				04DC9B272951EAEE000FEBD3 /* ImageCollectionViewCell.xib */,
			);
			path = image;
			sourceTree = "<group>";
		};
		04E835F5298113AC00038B96 /* Categories */ = {
			isa = PBXGroup;
			children = (
				04E835F82981144700038B96 /* CategoriesView.swift */,
				04E835F6298113F900038B96 /* CategoriesViewController.swift */,
				04E835FA2981148600038B96 /* CategoriesViewModel.swift */,
			);
			path = Categories;
			sourceTree = "<group>";
		};
		04E835FE29816D2300038B96 /* TableviewCell */ = {
			isa = PBXGroup;
			children = (
				046EDE432990CBC5009E9F65 /* HeaderLabel */,
				04C1D50E298F9BE100B13192 /* SettingsScreen */,
				04CFF313298E541C00DD5251 /* Accountscreen */,
				0462DACB298924A5009C302F /* SearchCell */,
				0462DACA29892463009C302F /* SubCategories */,
			);
			path = TableviewCell;
			sourceTree = "<group>";
		};
		BF18B11FDA0DDFF9B0508089 /* Pods */ = {
			isa = PBXGroup;
			children = (
				C96E46B735BC01B1ABBAC1D8 /* Pods-NetflixApp.debug.xcconfig */,
				A56374B6E47A6CB410F613E5 /* Pods-NetflixApp.release.xcconfig */,
			);
			path = Pods;
			sourceTree = "<group>";
		};
		F4D20BFE142655663E6EEA3D /* Frameworks */ = {
			isa = PBXGroup;
			children = (
				DDEDB4723C57BA00A300C718 /* Pods_NetflixApp.framework */,
			);
			name = Frameworks;
			sourceTree = "<group>";
		};
/* End PBXGroup section */

/* Begin PBXNativeTarget section */
		04DA1D1E29437F3C002F988A /* NetflixApp */ = {
			isa = PBXNativeTarget;
			buildConfigurationList = 04DA1D3329437F4F002F988A /* Build configuration list for PBXNativeTarget "NetflixApp" */;
			buildPhases = (
				D00C1105FD9CA7563A1E3F31 /* [CP] Check Pods Manifest.lock */,
				04DA1D1B29437F3C002F988A /* Sources */,
				04DA1D1C29437F3C002F988A /* Frameworks */,
				04DA1D1D29437F3C002F988A /* Resources */,
				1F27B99FF63337A9AC046C17 /* [CP] Embed Pods Frameworks */,
			);
			buildRules = (
			);
			dependencies = (
			);
			name = NetflixApp;
			productName = NetflixApp;
			productReference = 04DA1D1F29437F3C002F988A /* NetflixApp.app */;
			productType = "com.apple.product-type.application";
		};
/* End PBXNativeTarget section */

/* Begin PBXProject section */
		04DA1D1729437F3C002F988A /* Project object */ = {
			isa = PBXProject;
			attributes = {
				LastSwiftUpdateCheck = 1250;
				LastUpgradeCheck = 1250;
				TargetAttributes = {
					04DA1D1E29437F3C002F988A = {
						CreatedOnToolsVersion = 12.5.1;
					};
				};
			};
			buildConfigurationList = 04DA1D1A29437F3C002F988A /* Build configuration list for PBXProject "NetflixApp" */;
			compatibilityVersion = "Xcode 9.3";
			developmentRegion = en;
			hasScannedForEncodings = 0;
			knownRegions = (
				en,
				Base,
			);
			mainGroup = 04DA1D1629437F3C002F988A;
			productRefGroup = 04DA1D2029437F3C002F988A /* Products */;
			projectDirPath = "";
			projectRoot = "";
			targets = (
				04DA1D1E29437F3C002F988A /* NetflixApp */,
			);
		};
/* End PBXProject section */

/* Begin PBXResourcesBuildPhase section */
		04DA1D1D29437F3C002F988A /* Resources */ = {
			isa = PBXResourcesBuildPhase;
			buildActionMask = 2147483647;
			files = (
				04DA1D2F29437F4F002F988A /* LaunchScreen.storyboard in Resources */,
				045FE78F2992010800D9271F /* DetailheroCollectionViewCell.xib in Resources */,
				04D0F4A8294710A60015D482 /* Onbording.storyboard in Resources */,
				04E8360229816D7F00038B96 /* SubCategorieTableViewCell.xib in Resources */,
				04DA1D2C29437F4F002F988A /* Assets.xcassets in Resources */,
				046EDE472990CC09009E9F65 /* HeaderTableViewCell.xib in Resources */,
				0462DACF298925DC009C302F /* SearchViewTableViewCell.xib in Resources */,
				04CFF31B298E60CD00DD5251 /* AccountTableViewCell.xib in Resources */,
				04DA1D2A29437F3D002F988A /* Main.storyboard in Resources */,
				046541592997AFC500B06343 /* DetailsHeaderCollectionReusableView.xib in Resources */,
				04603667296DA3D400C6639B /* TabBar.storyboard in Resources */,
				04C1D512298F9C7700B13192 /* SettingTableViewCell.xib in Resources */,
				0473873229992ACD00A4E540 /* EpisodeCollectionViewCell.xib in Resources */,
				04627E792956CD9A008AAD7C /* netflixGif.gif in Resources */,
				048B19512955EC080095FF02 /* ProfilesCollectionViewCell.xib in Resources */,
				04E835F4298112B200038B96 /* Others.storyboard in Resources */,
				047751F929784D2000AB8E87 /* HeroCollectionViewCell.xib in Resources */,
				0484FEF5297A59D80028001D /* CarousalCollectionViewCell.xib in Resources */,
				04DC9B292951EAEE000FEBD3 /* ImageCollectionViewCell.xib in Resources */,
			);
			runOnlyForDeploymentPostprocessing = 0;
		};
/* End PBXResourcesBuildPhase section */

/* Begin PBXShellScriptBuildPhase section */
		1F27B99FF63337A9AC046C17 /* [CP] Embed Pods Frameworks */ = {
			isa = PBXShellScriptBuildPhase;
			buildActionMask = 2147483647;
			files = (
			);
			inputFileListPaths = (
				"${PODS_ROOT}/Target Support Files/Pods-NetflixApp/Pods-NetflixApp-frameworks-${CONFIGURATION}-input-files.xcfilelist",
			);
			name = "[CP] Embed Pods Frameworks";
			outputFileListPaths = (
				"${PODS_ROOT}/Target Support Files/Pods-NetflixApp/Pods-NetflixApp-frameworks-${CONFIGURATION}-output-files.xcfilelist",
			);
			runOnlyForDeploymentPostprocessing = 0;
			shellPath = /bin/sh;
			shellScript = "\"${PODS_ROOT}/Target Support Files/Pods-NetflixApp/Pods-NetflixApp-frameworks.sh\"\n";
			showEnvVarsInLog = 0;
		};
		D00C1105FD9CA7563A1E3F31 /* [CP] Check Pods Manifest.lock */ = {
			isa = PBXShellScriptBuildPhase;
			buildActionMask = 2147483647;
			files = (
			);
			inputFileListPaths = (
			);
			inputPaths = (
				"${PODS_PODFILE_DIR_PATH}/Podfile.lock",
				"${PODS_ROOT}/Manifest.lock",
			);
			name = "[CP] Check Pods Manifest.lock";
			outputFileListPaths = (
			);
			outputPaths = (
				"$(DERIVED_FILE_DIR)/Pods-NetflixApp-checkManifestLockResult.txt",
			);
			runOnlyForDeploymentPostprocessing = 0;
			shellPath = /bin/sh;
			shellScript = "diff \"${PODS_PODFILE_DIR_PATH}/Podfile.lock\" \"${PODS_ROOT}/Manifest.lock\" > /dev/null\nif [ $? != 0 ] ; then\n    # print error to STDERR\n    echo \"error: The sandbox is not in sync with the Podfile.lock. Run 'pod install' or update your CocoaPods installation.\" >&2\n    exit 1\nfi\n# This output is used by Xcode 'outputs' to avoid re-running this script phase.\necho \"SUCCESS\" > \"${SCRIPT_OUTPUT_FILE_0}\"\n";
			showEnvVarsInLog = 0;
		};
/* End PBXShellScriptBuildPhase section */

/* Begin PBXSourcesBuildPhase section */
		04DA1D1B29437F3C002F988A /* Sources */ = {
			isa = PBXSourcesBuildPhase;
			buildActionMask = 2147483647;
			files = (
				0473873129992ACD00A4E540 /* EpisodeCollectionViewCell.swift in Sources */,
				0484FEF4297A59D80028001D /* CarousalCollectionViewCell.swift in Sources */,
				048B19502955EC080095FF02 /* ProfilesCollectionViewCell.swift in Sources */,
				04DC9B232951E936000FEBD3 /* ProfileImageView.swift in Sources */,
				04DA1D37294380A9002F988A /* Font.swift in Sources */,
				0470943B294D009B00D990E4 /* ForgotPasswordView.swift in Sources */,
				046EDE4E29910D39009E9F65 /* DetailsViewController.swift in Sources */,
				048B1944295564310095FF02 /* ProfileselectionView.swift in Sources */,
				0460366A296DA46E00C6639B /* HomeViewModel.swift in Sources */,
				04D0F4AB29471BC10015D482 /* RegisterViewController.swift in Sources */,
				04627E712956CA71008AAD7C /* SplashViewController.swift in Sources */,
				04E835F92981144700038B96 /* CategoriesView.swift in Sources */,
				04709441294D01E300D990E4 /* ResetPasswordViewController.swift in Sources */,
				04627E7B2957006D008AAD7C /* Constants.swift in Sources */,
				0460366E296DA57E00C6639B /* HomeViewController.swift in Sources */,
				04DA1D3F29438143002F988A /* WelcomeViewController.swift in Sources */,
				04709443294D028A00D990E4 /* ResetPasswordViewModel.swift in Sources */,
				0475C88D2987CF31002A2372 /* AccountView.swift in Sources */,
				04639A5C294AED250086BD9F /* LoginView.swift in Sources */,
				04709432294CA3F600D990E4 /* Urlhandler.swift in Sources */,
				047751F829784D2000AB8E87 /* HeroCollectionViewCell.swift in Sources */,
				0470943D294D00F500D990E4 /* ForgotPasswordViewModel.swift in Sources */,
				04E8360129816D7F00038B96 /* SubCategorieTableViewCell.swift in Sources */,
				04DA1D3B294380E3002F988A /* Colors.swift in Sources */,
				0475C8912987CFC4002A2372 /* AccountViewModel.swift in Sources */,
				0475C8952987D0B2002A2372 /* SettingsViewController.swift in Sources */,
				04639A5E294AF2C50086BD9F /* LoginModel.swift in Sources */,
				046EDE5429910DD8009E9F65 /* DetailsViewModel.swift in Sources */,
				045FE78E2992010800D9271F /* DetailheroCollectionViewCell.swift in Sources */,
				04DC9B282951EAEE000FEBD3 /* ImageCollectionViewCell.swift in Sources */,
				0475C8932987D07E002A2372 /* SettingsView.swift in Sources */,
				046541582997AFC500B06343 /* DetailsHeaderCollectionReusableView.swift in Sources */,
				04DA1D41294381B4002F988A /* WelcomeView.swift in Sources */,
				046EDE5029910D70009E9F65 /* DetailsView.swift in Sources */,
				04627E732956CA96008AAD7C /* SplashView.swift in Sources */,
				04DC9B1D2951E807000FEBD3 /* ProfileImageViewController.swift in Sources */,
				0470942F294C597A00D990E4 /* NetworkAdaptor.swift in Sources */,
				04708A162984E4D7007AA87C /* CategoryDataModel.swift in Sources */,
				0475C8892987B501002A2372 /* TabBarViewController.swift in Sources */,
				04DC9B1F2951E846000FEBD3 /* ProfileImageViewModel.swift in Sources */,
				04C99E8C295097F900FA4FFA /* BaseViewController.swift in Sources */,
				04DA1D39294380D2002F988A /* Images.swift in Sources */,
				04627E752956CABD008AAD7C /* SplashViewModel.swift in Sources */,
				04CFF31A298E60CD00DD5251 /* AccountTableViewCell.swift in Sources */,
				0475C88429879769002A2372 /* SearchView.swift in Sources */,
				0460366C296DA4C800C6639B /* HomeView.swift in Sources */,
				04639A5A294AECE80086BD9F /* LoginViewModel.swift in Sources */,
				04D0F4AF29471C100015D482 /* RegisterViewModel.swift in Sources */,
				0475C8972987D0E2002A2372 /* SettingsViewModel.swift in Sources */,
				047342AE29961B5A00621B73 /* MoviesModel.swift in Sources */,
				047342AF29961B5A00621B73 /* SeriesData.swift in Sources */,
				0475C88F2987CF65002A2372 /* AccountViewController.swift in Sources */,
				04DA1D2329437F3D002F988A /* AppDelegate.swift in Sources */,
				048B194C29559CEC0095FF02 /* User.swift in Sources */,
				04DA1D2529437F3D002F988A /* SceneDelegate.swift in Sources */,
				04709434294CA8E600D990E4 /* Controller.swift in Sources */,
				047751F02978064200AB8E87 /* MenuView.swift in Sources */,
				047FC0C4295C85FE00CCD036 /* HomeData.swift in Sources */,
				0462DACE298925DC009C302F /* SearchViewTableViewCell.swift in Sources */,
				04C1D511298F9C7700B13192 /* SettingTableViewCell.swift in Sources */,
				04E835F7298113F900038B96 /* CategoriesViewController.swift in Sources */,
				0475C8822987970B002A2372 /* SearchViewController.swift in Sources */,
				04DC9B1729518AA0000FEBD3 /* CreateProfileViewController.swift in Sources */,
				04D0F4B129471C6A0015D482 /* RegisterView.swift in Sources */,
				04DC9B1529518A6B000FEBD3 /* CreateProfileView.swift in Sources */,
				04709439294D007200D990E4 /* ForgotPasswordViewController.swift in Sources */,
				04603672296DC59F00C6639B /* Loader.swift in Sources */,
				04DA1D3D29438107002F988A /* Strings.swift in Sources */,
				0470943F294D01A700D990E4 /* ResetPasswordView.swift in Sources */,
				04639A58294AECA20086BD9F /* LoginViewController.swift in Sources */,
				04DC9B1929518ACF000FEBD3 /* CreateProfileViewModel.swift in Sources */,
				048B194A295564FA0095FF02 /* ProfileSelectionViewModel.swift in Sources */,
				048B19462955647D0095FF02 /* ProfileSelectionViewController.swift in Sources */,
				0462F4392944A15A00D013AD /* UIView + Extension.swift in Sources */,
				046EDE462990CC09009E9F65 /* HeaderTableViewCell.swift in Sources */,
				04E835FB2981148600038B96 /* CategoriesViewModel.swift in Sources */,
				047FC0C6295CC13C00CCD036 /* AppData.swift in Sources */,
				0475C886298797AD002A2372 /* SearchViewModel.swift in Sources */,
			);
			runOnlyForDeploymentPostprocessing = 0;
		};
/* End PBXSourcesBuildPhase section */

/* Begin PBXVariantGroup section */
		04DA1D2829437F3D002F988A /* Main.storyboard */ = {
			isa = PBXVariantGroup;
			children = (
				04DA1D2929437F3D002F988A /* Base */,
			);
			name = Main.storyboard;
			sourceTree = "<group>";
		};
		04DA1D2D29437F4F002F988A /* LaunchScreen.storyboard */ = {
			isa = PBXVariantGroup;
			children = (
				04DA1D2E29437F4F002F988A /* Base */,
			);
			name = LaunchScreen.storyboard;
			sourceTree = "<group>";
		};
/* End PBXVariantGroup section */

/* Begin XCBuildConfiguration section */
		04DA1D3129437F4F002F988A /* Debug */ = {
			isa = XCBuildConfiguration;
			buildSettings = {
				ALWAYS_SEARCH_USER_PATHS = NO;
				CLANG_ANALYZER_NONNULL = YES;
				CLANG_ANALYZER_NUMBER_OBJECT_CONVERSION = YES_AGGRESSIVE;
				CLANG_CXX_LANGUAGE_STANDARD = "gnu++14";
				CLANG_CXX_LIBRARY = "libc++";
				CLANG_ENABLE_MODULES = YES;
				CLANG_ENABLE_OBJC_ARC = YES;
				CLANG_ENABLE_OBJC_WEAK = YES;
				CLANG_WARN_BLOCK_CAPTURE_AUTORELEASING = YES;
				CLANG_WARN_BOOL_CONVERSION = YES;
				CLANG_WARN_COMMA = YES;
				CLANG_WARN_CONSTANT_CONVERSION = YES;
				CLANG_WARN_DEPRECATED_OBJC_IMPLEMENTATIONS = YES;
				CLANG_WARN_DIRECT_OBJC_ISA_USAGE = YES_ERROR;
				CLANG_WARN_DOCUMENTATION_COMMENTS = YES;
				CLANG_WARN_EMPTY_BODY = YES;
				CLANG_WARN_ENUM_CONVERSION = YES;
				CLANG_WARN_INFINITE_RECURSION = YES;
				CLANG_WARN_INT_CONVERSION = YES;
				CLANG_WARN_NON_LITERAL_NULL_CONVERSION = YES;
				CLANG_WARN_OBJC_IMPLICIT_RETAIN_SELF = YES;
				CLANG_WARN_OBJC_LITERAL_CONVERSION = YES;
				CLANG_WARN_OBJC_ROOT_CLASS = YES_ERROR;
				CLANG_WARN_QUOTED_INCLUDE_IN_FRAMEWORK_HEADER = YES;
				CLANG_WARN_RANGE_LOOP_ANALYSIS = YES;
				CLANG_WARN_STRICT_PROTOTYPES = YES;
				CLANG_WARN_SUSPICIOUS_MOVE = YES;
				CLANG_WARN_UNGUARDED_AVAILABILITY = YES_AGGRESSIVE;
				CLANG_WARN_UNREACHABLE_CODE = YES;
				CLANG_WARN__DUPLICATE_METHOD_MATCH = YES;
				COPY_PHASE_STRIP = NO;
				DEBUG_INFORMATION_FORMAT = dwarf;
				ENABLE_STRICT_OBJC_MSGSEND = YES;
				ENABLE_TESTABILITY = YES;
				GCC_C_LANGUAGE_STANDARD = gnu11;
				GCC_DYNAMIC_NO_PIC = NO;
				GCC_NO_COMMON_BLOCKS = YES;
				GCC_OPTIMIZATION_LEVEL = 0;
				GCC_PREPROCESSOR_DEFINITIONS = (
					"DEBUG=1",
					"$(inherited)",
				);
				GCC_WARN_64_TO_32_BIT_CONVERSION = YES;
				GCC_WARN_ABOUT_RETURN_TYPE = YES_ERROR;
				GCC_WARN_UNDECLARED_SELECTOR = YES;
				GCC_WARN_UNINITIALIZED_AUTOS = YES_AGGRESSIVE;
				GCC_WARN_UNUSED_FUNCTION = YES;
				GCC_WARN_UNUSED_VARIABLE = YES;
				IPHONEOS_DEPLOYMENT_TARGET = 14.5;
				MTL_ENABLE_DEBUG_INFO = INCLUDE_SOURCE;
				MTL_FAST_MATH = YES;
				ONLY_ACTIVE_ARCH = YES;
				SDKROOT = iphoneos;
				SWIFT_ACTIVE_COMPILATION_CONDITIONS = DEBUG;
				SWIFT_OPTIMIZATION_LEVEL = "-Onone";
			};
			name = Debug;
		};
		04DA1D3229437F4F002F988A /* Release */ = {
			isa = XCBuildConfiguration;
			buildSettings = {
				ALWAYS_SEARCH_USER_PATHS = NO;
				CLANG_ANALYZER_NONNULL = YES;
				CLANG_ANALYZER_NUMBER_OBJECT_CONVERSION = YES_AGGRESSIVE;
				CLANG_CXX_LANGUAGE_STANDARD = "gnu++14";
				CLANG_CXX_LIBRARY = "libc++";
				CLANG_ENABLE_MODULES = YES;
				CLANG_ENABLE_OBJC_ARC = YES;
				CLANG_ENABLE_OBJC_WEAK = YES;
				CLANG_WARN_BLOCK_CAPTURE_AUTORELEASING = YES;
				CLANG_WARN_BOOL_CONVERSION = YES;
				CLANG_WARN_COMMA = YES;
				CLANG_WARN_CONSTANT_CONVERSION = YES;
				CLANG_WARN_DEPRECATED_OBJC_IMPLEMENTATIONS = YES;
				CLANG_WARN_DIRECT_OBJC_ISA_USAGE = YES_ERROR;
				CLANG_WARN_DOCUMENTATION_COMMENTS = YES;
				CLANG_WARN_EMPTY_BODY = YES;
				CLANG_WARN_ENUM_CONVERSION = YES;
				CLANG_WARN_INFINITE_RECURSION = YES;
				CLANG_WARN_INT_CONVERSION = YES;
				CLANG_WARN_NON_LITERAL_NULL_CONVERSION = YES;
				CLANG_WARN_OBJC_IMPLICIT_RETAIN_SELF = YES;
				CLANG_WARN_OBJC_LITERAL_CONVERSION = YES;
				CLANG_WARN_OBJC_ROOT_CLASS = YES_ERROR;
				CLANG_WARN_QUOTED_INCLUDE_IN_FRAMEWORK_HEADER = YES;
				CLANG_WARN_RANGE_LOOP_ANALYSIS = YES;
				CLANG_WARN_STRICT_PROTOTYPES = YES;
				CLANG_WARN_SUSPICIOUS_MOVE = YES;
				CLANG_WARN_UNGUARDED_AVAILABILITY = YES_AGGRESSIVE;
				CLANG_WARN_UNREACHABLE_CODE = YES;
				CLANG_WARN__DUPLICATE_METHOD_MATCH = YES;
				COPY_PHASE_STRIP = NO;
				DEBUG_INFORMATION_FORMAT = "dwarf-with-dsym";
				ENABLE_NS_ASSERTIONS = NO;
				ENABLE_STRICT_OBJC_MSGSEND = YES;
				GCC_C_LANGUAGE_STANDARD = gnu11;
				GCC_NO_COMMON_BLOCKS = YES;
				GCC_WARN_64_TO_32_BIT_CONVERSION = YES;
				GCC_WARN_ABOUT_RETURN_TYPE = YES_ERROR;
				GCC_WARN_UNDECLARED_SELECTOR = YES;
				GCC_WARN_UNINITIALIZED_AUTOS = YES_AGGRESSIVE;
				GCC_WARN_UNUSED_FUNCTION = YES;
				GCC_WARN_UNUSED_VARIABLE = YES;
				IPHONEOS_DEPLOYMENT_TARGET = 14.5;
				MTL_ENABLE_DEBUG_INFO = NO;
				MTL_FAST_MATH = YES;
				SDKROOT = iphoneos;
				SWIFT_COMPILATION_MODE = wholemodule;
				SWIFT_OPTIMIZATION_LEVEL = "-O";
				VALIDATE_PRODUCT = YES;
			};
			name = Release;
		};
		04DA1D3429437F4F002F988A /* Debug */ = {
			isa = XCBuildConfiguration;
			baseConfigurationReference = C96E46B735BC01B1ABBAC1D8 /* Pods-NetflixApp.debug.xcconfig */;
			buildSettings = {
				ASSETCATALOG_COMPILER_APPICON_NAME = AppIcon;
				ASSETCATALOG_COMPILER_GLOBAL_ACCENT_COLOR_NAME = AccentColor;
				CODE_SIGN_IDENTITY = "Apple Development";
				CODE_SIGN_STYLE = Automatic;
				DEVELOPMENT_TEAM = "";
				INFOPLIST_FILE = NetflixApp/Info.plist;
				LD_RUNPATH_SEARCH_PATHS = (
					"$(inherited)",
					"@executable_path/Frameworks",
				);
				PRODUCT_BUNDLE_IDENTIFIER = Bhanu.NetflixApp;
				PRODUCT_NAME = "$(TARGET_NAME)";
				PROVISIONING_PROFILE_SPECIFIER = "";
				SWIFT_VERSION = 5.0;
				TARGETED_DEVICE_FAMILY = "1,2";
			};
			name = Debug;
		};
		04DA1D3529437F4F002F988A /* Release */ = {
			isa = XCBuildConfiguration;
			baseConfigurationReference = A56374B6E47A6CB410F613E5 /* Pods-NetflixApp.release.xcconfig */;
			buildSettings = {
				ASSETCATALOG_COMPILER_APPICON_NAME = AppIcon;
				ASSETCATALOG_COMPILER_GLOBAL_ACCENT_COLOR_NAME = AccentColor;
				CODE_SIGN_IDENTITY = "Apple Development";
				CODE_SIGN_STYLE = Automatic;
				DEVELOPMENT_TEAM = "";
				INFOPLIST_FILE = NetflixApp/Info.plist;
				LD_RUNPATH_SEARCH_PATHS = (
					"$(inherited)",
					"@executable_path/Frameworks",
				);
				PRODUCT_BUNDLE_IDENTIFIER = Bhanu.NetflixApp;
				PRODUCT_NAME = "$(TARGET_NAME)";
				PROVISIONING_PROFILE_SPECIFIER = "";
				SWIFT_VERSION = 5.0;
				TARGETED_DEVICE_FAMILY = "1,2";
			};
			name = Release;
		};
/* End XCBuildConfiguration section */

/* Begin XCConfigurationList section */
		04DA1D1A29437F3C002F988A /* Build configuration list for PBXProject "NetflixApp" */ = {
			isa = XCConfigurationList;
			buildConfigurations = (
				04DA1D3129437F4F002F988A /* Debug */,
				04DA1D3229437F4F002F988A /* Release */,
			);
			defaultConfigurationIsVisible = 0;
			defaultConfigurationName = Release;
		};
		04DA1D3329437F4F002F988A /* Build configuration list for PBXNativeTarget "NetflixApp" */ = {
			isa = XCConfigurationList;
			buildConfigurations = (
				04DA1D3429437F4F002F988A /* Debug */,
				04DA1D3529437F4F002F988A /* Release */,
			);
			defaultConfigurationIsVisible = 0;
			defaultConfigurationName = Release;
		};
/* End XCConfigurationList section */
	};
	rootObject = 04DA1D1729437F3C002F988A /* Project object */;
}
